
Microsoft Visual Studio Solution File, Format Version 12.00
# Visual Studio Version 16
VisualStudioVersion = 16.0.29806.167
MinimumVisualStudioVersion = 10.0.40219.1
Project("{8BC9CEB8-8B4A-11D0-8D11-00A0C91BC942}") = "1 - 跟我的第一個程式說 Hello", "1 - 跟我的第一個程式說 Hello\1 - 跟我的第一個程式說 Hello.vcxproj", "{E2B2DD3D-26B6-494D-8751-F1EAF3D6EF9F}"
EndProject
Project("{8BC9CEB8-8B4A-11D0-8D11-00A0C91BC942}") = "1.1 - 字元的跳脫", "1.1 - 字元的跳脫\1.1 - 字元的跳脫.vcxproj", "{620471FD-C9A3-43C1-BB76-9B9B26D2BD95}"
EndProject
Project("{8BC9CEB8-8B4A-11D0-8D11-00A0C91BC942}") = "1.2 - 簡單的文字圖形練習", "1.2 - 簡單的文字圖形練習\1.2 - 簡單的文字圖形練習.vcxproj", "{5C878572-3AE1-46CE-9CE8-88AE9C455D50}"
EndProject
Project("{8BC9CEB8-8B4A-11D0-8D11-00A0C91BC942}") = "1.3 - 求兩個數字的和練習", "1.3 - 求兩個數字的和練習\1.3 - 求兩個數字的和練習.vcxproj", "{A5CF61AE-6EC2-4536-B595-9DF388BE5295}"
EndProject
Project("{8BC9CEB8-8B4A-11D0-8D11-00A0C91BC942}") = "1.4 - 算三個數字的和練習", "1.4 - 算三個數字的和練習\1.4 - 算三個數字的和練習.vcxproj", "{DD068959-75AE-4878-9B63-EFE63C7D39AD}"
EndProject
Project("{8BC9CEB8-8B4A-11D0-8D11-00A0C91BC942}") = "1.5 - 程式寫作風格初探", "1.5 - 程式寫作風格初探\1.5 - 程式寫作風格初探.vcxproj", "{5AD3C2D2-723A-4EFC-B9C2-AAD6C32A441E}"
EndProject
Project("{8BC9CEB8-8B4A-11D0-8D11-00A0C91BC942}") = "1.6 - 數值交換", "1.6 - 數值交換\1.6 - 數值交換.vcxproj", "{953658B0-FAA2-40AD-9DA5-10C821E7C2CF}"
EndProject
Project("{8BC9CEB8-8B4A-11D0-8D11-00A0C91BC942}") = "2 - 資料型別簡介", "2 - 資料型別簡介\2 - 資料型別簡介.vcxproj", "{A29901ED-2619-4AAF-85CB-0820B3DE689D}"
EndProject
Project("{8BC9CEB8-8B4A-11D0-8D11-00A0C91BC942}") = "2.1 - 整數型別簡介", "2.1 - 整數型別簡介\2.1 - 整數型別簡介.vcxproj", "{24128A58-5A66-431B-B17B-DFE4F329168B}"
EndProject
Project("{8BC9CEB8-8B4A-11D0-8D11-00A0C91BC942}") = "2.2 - 浮點數型別簡介", "2.2 - 浮點數型別簡介\2.2 - 浮點數型別簡介.vcxproj", "{4B015579-4A33-481A-B4CA-2B601C2F58CA}"
EndProject
Project("{8BC9CEB8-8B4A-11D0-8D11-00A0C91BC942}") = "2.3 - 將 printf 或 scanf 用在不同資料型別", "2.3 - 將 printf 或 scanf 用在不同資料型別\2.3 - 將 printf 或 scanf 用在不同資料型別.vcxproj", "{CBF5AE4E-C990-4DF2-B70F-43D787A290D0}"
EndProject
Project("{8BC9CEB8-8B4A-11D0-8D11-00A0C91BC942}") = "2.4 - 整數與浮點數型別間的轉換", "2.4 - 整數與浮點數型別間的轉換\2.4 - 整數與浮點數型別間的轉換.vcxproj", "{3F21C0D5-906D-40A9-A5B6-93E2779D3052}"
EndProject
Project("{8BC9CEB8-8B4A-11D0-8D11-00A0C91BC942}") = "2.5 - 字元型別簡介", "2.5 - 字元型別簡介\2.5 - 字元型別簡介.vcxproj", "{55F7586E-5FF1-4B1B-94AC-FE11624C7A31}"
EndProject
Project("{8BC9CEB8-8B4A-11D0-8D11-00A0C91BC942}") = "2.6 - 字元編碼簡介", "2.6 - 字元編碼簡介\2.6 - 字元編碼簡介.vcxproj", "{059EA5F2-2DF7-4F8D-9F40-270BB9B64E83}"
EndProject
Project("{8BC9CEB8-8B4A-11D0-8D11-00A0C91BC942}") = "2.7 - 使用 char 字元型別", "2.7 - 使用 char 字元型別\2.7 - 使用 char 字元型別.vcxproj", "{A2E3E24C-A3EB-474B-9C45-BA0FABB29CA6}"
EndProject
Project("{8BC9CEB8-8B4A-11D0-8D11-00A0C91BC942}") = "2.8 - 怎麼對 char 型別做運算", "2.8 - 怎麼對 char 型別做運算\2.8 - 怎麼對 char 型別做運算.vcxproj", "{1D289063-82DB-4A0A-BF56-CBBFB3D78083}"
EndProject
Project("{8BC9CEB8-8B4A-11D0-8D11-00A0C91BC942}") = "2.9 - 字元大小寫轉換練習", "2.9 - 字元大小寫轉換練習\2.9 - 字元大小寫轉換練習.vcxproj", "{6667C281-3167-4370-80A0-3CC8A441641A}"
EndProject
Project("{8BC9CEB8-8B4A-11D0-8D11-00A0C91BC942}") = "2.10 - 怎麼選擇要使用的型別", "2.10 - 怎麼選擇要使用的型別\2.10 - 怎麼選擇要使用的型別.vcxproj", "{04C7C220-3B7E-4F2C-99CE-5AFA1DE41A1D}"
EndProject
Project("{8BC9CEB8-8B4A-11D0-8D11-00A0C91BC942}") = "3 - 運算與表示式", "3 - 運算與表示式\3 - 運算與表示式.vcxproj", "{B7375C8B-D9E7-4DB3-BEFF-4B77517892A7}"
EndProject
Project("{8BC9CEB8-8B4A-11D0-8D11-00A0C91BC942}") = "3.1 - 整數與浮點數的算術運算", "3.1 - 整數與浮點數的算術運算\3.1 - 整數與浮點數的算術運算.vcxproj", "{BDD86C1C-6F06-417A-916D-09B3A0191170}"
EndProject
Project("{8BC9CEB8-8B4A-11D0-8D11-00A0C91BC942}") = "3.2 - 賦值運算", "3.2 - 賦值運算\3.2 - 賦值運算.vcxproj", "{6A28B5C6-CC0C-475C-853B-2B0010FF754D}"
EndProject
Project("{8BC9CEB8-8B4A-11D0-8D11-00A0C91BC942}") = "3.3 - 怎麼表示是非對錯？", "3.3 - 怎麼表示是非對錯？\3.3 - 怎麼表示是非對錯？.vcxproj", "{364A35C4-3695-4286-ACB5-E9AC807B6FBC}"
EndProject
Project("{8BC9CEB8-8B4A-11D0-8D11-00A0C91BC942}") = "3.4 - 關係運算", "3.4 - 關係運算\3.4 - 關係運算.vcxproj", "{CA802D25-1D9D-43CE-ADA7-9C1D6BFAAA67}"
EndProject
Project("{8BC9CEB8-8B4A-11D0-8D11-00A0C91BC942}") = "3.5 - 邏輯運算", "3.5 - 邏輯運算\3.5 - 邏輯運算.vcxproj", "{C70F8107-487E-4C4F-AE8F-261E0B637EE5}"
EndProject
Project("{8BC9CEB8-8B4A-11D0-8D11-00A0C91BC942}") = "3.6 - 運算子的優先順序", "3.6 - 運算子的優先順序\3.6 - 運算子的優先順序.vcxproj", "{76CFC144-D1C1-4663-90B4-B7F728CCEC6E}"
EndProject
Project("{8BC9CEB8-8B4A-11D0-8D11-00A0C91BC942}") = "4 - 程式流程控制", "4 - 程式流程控制\4 - 程式流程控制.vcxproj", "{C8DC31FD-DFF5-44D9-9DA4-FECE3B8195E8}"
EndProject
Project("{8BC9CEB8-8B4A-11D0-8D11-00A0C91BC942}") = "4.1 - 有條件的執行 (if 述句)", "4.1 - 有條件的執行 (if 述句)\4.1 - 有條件的執行 (if 述句).vcxproj", "{E0140292-8B27-4A4D-A301-ECB4CB11060D}"
EndProject
Project("{8BC9CEB8-8B4A-11D0-8D11-00A0C91BC942}") = "4.2 - 猜數字 (使用 if 述句)", "4.2 - 猜數字 (使用 if 述句)\4.2 - 猜數字 (使用 if 述句).vcxproj", "{2E43169E-EC6F-4123-96F2-C77365550185}"
EndProject
Project("{8BC9CEB8-8B4A-11D0-8D11-00A0C91BC942}") = "4.3 - 滿額折扣計算練習 (使用 if 述句)", "4.3 - 滿額折扣計算練習 (使用 if 述句)\4.3 - 滿額折扣計算練習 (使用 if 述句).vcxproj", "{F49DE7FA-1033-4191-BDE4-8C3F37F6F06E}"
EndProject
Project("{8BC9CEB8-8B4A-11D0-8D11-00A0C91BC942}") = "4.4 - 正三角形判斷練習 (使用 if 述句)", "4.4 - 正三角形判斷練習 (使用 if 述句)\4.4 - 正三角形判斷練習 (使用 if 述句).vcxproj", "{59179568-63E0-4EBC-B723-9B53EC08E355}"
EndProject
Project("{8BC9CEB8-8B4A-11D0-8D11-00A0C91BC942}") = "4.5 - 等腰三角形判斷練習 (使用 if 述句)", "4.5 - 等腰三角形判斷練習 (使用 if 述句)\4.5 - 等腰三角形判斷練習 (使用 if 述句).vcxproj", "{673E76AF-B28F-4B0C-8202-8DEDBCF64591}"
EndProject
Project("{8BC9CEB8-8B4A-11D0-8D11-00A0C91BC942}") = "4.6 - 直角三角形的判斷練習 (使用 if 述句)", "4.6 - 直角三角形的判斷練習 (使用 if 述句)\4.6 - 直角三角形的判斷練習 (使用 if 述句).vcxproj", "{A43CDB26-B00C-4A26-9E3C-16A9A62C64A3}"
EndProject
Project("{8BC9CEB8-8B4A-11D0-8D11-00A0C91BC942}") = "4.7 - 三角形種類判斷練習 (使用 if 述句)", "4.7 - 三角形種類判斷練習 (使用 if 述句)\4.7 - 三角形種類判斷練習 (使用 if 述句).vcxproj", "{4DC4A163-2E26-4D34-8C5A-AF32BED9BB5B}"
EndProject
Project("{8BC9CEB8-8B4A-11D0-8D11-00A0C91BC942}") = "4.8 - 三角形種類判斷的條件簡化", "4.8 - 三角形種類判斷的條件簡化\4.8 - 三角形種類判斷的條件簡化.vcxproj", "{CEA0D177-A44D-4FFB-8905-7B3FE6152386}"
EndProject
Project("{8BC9CEB8-8B4A-11D0-8D11-00A0C91BC942}") = "5.1 - 對兩個變數求最大值 (使用 if 述句)", "5.1 - 對兩個變數求最大值 (使用 if 述句)\5.1 - 對兩個變數求最大值 (使用 if 述句).vcxproj", "{DA3E48B0-A6CA-4CD8-A91A-4436B148B62A}"
EndProject
Project("{8BC9CEB8-8B4A-11D0-8D11-00A0C91BC942}") = "5.2 - 對三個變數求最大值的練習 (使用 if 述句)", "5.2 - 對三個變數求最大值的練習 (使用 if 述句)\5.2 - 對三個變數求最大值的練習 (使用 if 述句).vcxproj", "{64034707-EA6B-4D7D-94A6-7F61C7DC71F6}"
EndProject
Project("{8BC9CEB8-8B4A-11D0-8D11-00A0C91BC942}") = "5.3 - 對四個變數求最大值的練習 (使用 if 述句)", "5.3 - 對四個變數求最大值的練習 (使用 if 述句)\5.3 - 對四個變數求最大值的練習 (使用 if 述句).vcxproj", "{F0B0A022-F65A-4D06-9EB7-273A979C2378}"
EndProject
Project("{8BC9CEB8-8B4A-11D0-8D11-00A0C91BC942}") = "5.4 - 對多個變數求最小值的練習 (使用 if 述句)", "5.4 - 對多個變數求最小值的練習 (使用 if 述句)\5.4 - 對多個變數求最小值的練習 (使用 if 述句).vcxproj", "{E3C3A460-C8A7-42B0-BC6A-67B1A32AD2D2}"
EndProject
Project("{8BC9CEB8-8B4A-11D0-8D11-00A0C91BC942}") = "5.5 - 對三個變數求中位數的練習 (使用 if 述句)", "5.5 - 對三個變數求中位數的練習 (使用 if 述句)\5.5 - 對三個變數求中位數的練習 (使用 if 述句).vcxproj", "{31FA8FCE-6E01-467E-B0FC-F22DD1B2B205}"
EndProject
Project("{8BC9CEB8-8B4A-11D0-8D11-00A0C91BC942}") = "6 - 對多個變數排序 (使用 if 述句)", "6 - 對多個變數排序 (使用 if 述句)\6 - 對多個變數排序 (使用 if 述句).vcxproj", "{EF916303-CA4C-4B2E-914C-E7D6C3737516}"
EndProject
Project("{8BC9CEB8-8B4A-11D0-8D11-00A0C91BC942}") = "6.1 - 對兩個變數依照大小排序練習 (使用 if 述句)", "6.1 - 對兩個變數依照大小排序練習 (使用 if 述句)\6.1 - 對兩個變數依照大小排序練習 (使用 if 述句).vcxproj", "{660F4493-FCC1-4439-B3F5-090C995A3057}"
EndProject
Project("{8BC9CEB8-8B4A-11D0-8D11-00A0C91BC942}") = "6.2 - 三個變數的數值交換 (使用 if 述句)", "6.2 - 三個變數的數值交換 (使用 if 述句)\6.2 - 三個變數的數值交換 (使用 if 述句).vcxproj", "{13C5D163-F91D-4AD9-8944-520A159A5C23}"
EndProject
Project("{8BC9CEB8-8B4A-11D0-8D11-00A0C91BC942}") = "6.3 - 對三個變數依照大小排序練習 (使用 if 述句)", "6.3 - 對三個變數依照大小排序練習 (使用 if 述句)\6.3 - 對三個變數依照大小排序練習 (使用 if 述句).vcxproj", "{1A5BB7D3-B244-457D-A75C-BE439134F300}"
EndProject
Project("{8BC9CEB8-8B4A-11D0-8D11-00A0C91BC942}") = "6.4 - 用兩個變數的數值交換對三個變數做排序 [上] (使用 if 述句)", "6.4 - 用兩個變數的數值交換對三個變數做排序 [上] (使用 if 述句)\6.4 - 用兩個變數的數值交換對三個變數做排序 [上] (使用 if 述句).vcxproj", "{2BB166EC-20A3-407D-A3E9-DDE1205EF0D9}"
EndProject
Project("{8BC9CEB8-8B4A-11D0-8D11-00A0C91BC942}") = "6.5 - 用兩個變數的數值交換對三個變數做排序 (使用 if 述句) [下]", "6.5 - 用兩個變數的數值交換對三個變數做排序 (使用 if 述句) [下]\6.5 - 用兩個變數的數值交換對三個變數做排序 (使用 if 述句) [下].vcxproj", "{B194A6BC-49C6-4946-A537-7EAE9EE1FF1A}"
EndProject
Project("{8BC9CEB8-8B4A-11D0-8D11-00A0C91BC942}") = "6.6 - 用排序簡化三角形判斷條件 (使用 if 述句)", "6.6 - 用排序簡化三角形判斷條件 (使用 if 述句)\6.6 - 用排序簡化三角形判斷條件 (使用 if 述句).vcxproj", "{A5899BBF-A295-4E2A-874E-F51F5C09D1AF}"
EndProject
Project("{8BC9CEB8-8B4A-11D0-8D11-00A0C91BC942}") = "7 - 二選一的交叉路口 (if-else 述句)", "7 - 二選一的交叉路口 (if-else 述句)\7 - 二選一的交叉路口 (if-else 述句).vcxproj", "{D4FEEE86-0563-41E5-A247-1F045AE59CDD}"
EndProject
Project("{8BC9CEB8-8B4A-11D0-8D11-00A0C91BC942}") = "7.1 - 兩個變數比大小的練習 (使用 if-else 述句)", "7.1 - 兩個變數比大小的練習 (使用 if-else 述句)\7.1 - 兩個變數比大小的練習 (使用 if-else 述句).vcxproj", "{BAC8E0DC-80A8-4A75-8749-9E9CB9FE1E5B}"
EndProject
Project("{8BC9CEB8-8B4A-11D0-8D11-00A0C91BC942}") = "7.2 - 猜數字練習 (使用 if-else 述句)", "7.2 - 猜數字練習 (使用 if-else 述句)\7.2 - 猜數字練習 (使用 if-else 述句).vcxproj", "{D1BDDD82-A49C-4BE6-8E98-DC1C99715999}"
EndProject
Project("{8BC9CEB8-8B4A-11D0-8D11-00A0C91BC942}") = "7.3 - 簡易四則運算練習 (使用 if-else 述句)", "7.3 - 簡易四則運算練習 (使用 if-else 述句)\7.3 - 簡易四則運算練習 (使用 if-else 述句).vcxproj", "{C332B633-D995-4401-80D4-AD143457926E}"
EndProject
Project("{8BC9CEB8-8B4A-11D0-8D11-00A0C91BC942}") = "7.4 - 對多個變數求最大值的練習 (使用 if-else 述句)", "7.4 - 對多個變數求最大值的練習 (使用 if-else 述句)\7.4 - 對多個變數求最大值的練習 (使用 if-else 述句).vcxproj", "{D44EE46A-2D07-43FC-ACA7-63165840D857}"
EndProject
Project("{8BC9CEB8-8B4A-11D0-8D11-00A0C91BC942}") = "7.5 - 多選一的路口 (switch 述句)", "7.5 - 多選一的路口 (switch 述句)\7.5 - 多選一的路口 (switch 述句).vcxproj", "{17085DE9-C229-4FFB-BE50-910F7F535497}"
EndProject
Project("{8BC9CEB8-8B4A-11D0-8D11-00A0C91BC942}") = "7.6 - ID 查詢練習 (使用 switch 述句)", "7.6 - ID 查詢練習 (使用 switch 述句)\7.6 - ID 查詢練習 (使用 switch 述句).vcxproj", "{3995B10F-1E4A-4F61-82CD-8CB2E1ABD5CE}"
EndProject
Project("{8BC9CEB8-8B4A-11D0-8D11-00A0C91BC942}") = "7.7 - 猜數字要怎麼能猜到對為止", "7.7 - 猜數字要怎麼能猜到對為止\7.7 - 猜數字要怎麼能猜到對為止.vcxproj", "{EA0256F1-0398-4AED-B43A-414C5CCD4C39}"
EndProject
Project("{8BC9CEB8-8B4A-11D0-8D11-00A0C91BC942}") = "8 - 有條件的重複執行 (while 述句)", "8 - 有條件的重複執行 (while 述句)\8 - 有條件的重複執行 (while 述句).vcxproj", "{D1C1CCE1-BC4E-4363-9A7B-84BA51CF7A5B}"
EndProject
Project("{8BC9CEB8-8B4A-11D0-8D11-00A0C91BC942}") = "8.1 - 猜數字練習 (使用 while 述句)", "8.1 - 猜數字練習 (使用 while 述句)\8.1 - 猜數字練習 (使用 while 述句).vcxproj", "{11080666-987F-48AD-985B-4420BBE682F7}"
EndProject
Project("{8BC9CEB8-8B4A-11D0-8D11-00A0C91BC942}") = "8.2 - 數數猜了幾次的練習 (使用 while 述句)", "8.2 - 數數猜了幾次的練習 (使用 while 述句)\8.2 - 數數猜了幾次的練習 (使用 while 述句).vcxproj", "{A954C7FA-F1BB-46D7-B3BC-38FF0C6A490F}"
EndProject
Project("{8BC9CEB8-8B4A-11D0-8D11-00A0C91BC942}") = "8.3 - 求不定個數正整數和的練習 (使用 while 述句)", "8.3 - 求不定個數正整數和的練習 (使用 while 述句)\8.3 - 求不定個數正整數和的練習 (使用 while 述句).vcxproj", "{F45FECA6-6E92-42DE-86EA-FAA0523C3EA2}"
EndProject
Project("{8BC9CEB8-8B4A-11D0-8D11-00A0C91BC942}") = "8.4 - 求不定個數正整數平均的練習 (使用 while 述句)", "8.4 - 求不定個數正整數平均的練習 (使用 while 述句)\8.4 - 求不定個數正整數平均的練習 (使用 while 述句).vcxproj", "{7739ADF1-19F0-4731-91E3-AF0DD7D078CF}"
EndProject
Project("{8BC9CEB8-8B4A-11D0-8D11-00A0C91BC942}") = "8.5 - 數數字的練習 (使用 while 述句)", "8.5 - 數數字的練習 (使用 while 述句)\8.5 - 數數字的練習 (使用 while 述句).vcxproj", "{8988E9BE-82EF-47AC-B577-8FAD116E730F}"
EndProject
Project("{8BC9CEB8-8B4A-11D0-8D11-00A0C91BC942}") = "8.6 - 至少做一次的重複執行 (do-while 述句)", "8.6 - 至少做一次的重複執行 (do-while 述句)\8.6 - 至少做一次的重複執行 (do-while 述句).vcxproj", "{DF15F8E2-00BB-4C90-95FB-17FA83BC9768}"
EndProject
Project("{8BC9CEB8-8B4A-11D0-8D11-00A0C91BC942}") = "8.7 - 複合賦值與遞增遞減運算", "8.7 - 複合賦值與遞增遞減運算\8.7 - 複合賦值與遞增遞減運算.vcxproj", "{72A8DCC3-2D3B-4681-8DF1-7F83931BAAA0}"
EndProject
Project("{8BC9CEB8-8B4A-11D0-8D11-00A0C91BC942}") = "8.8 - 消費金額計算的練習 (使用 switch 述句)", "8.8 - 消費金額計算的練習 (使用 switch 述句)\8.8 - 消費金額計算的練習 (使用 switch 述句).vcxproj", "{D5CFF3CE-B16B-455F-8495-3244D9105A30}"
EndProject
Project("{8BC9CEB8-8B4A-11D0-8D11-00A0C91BC942}") = "9 - 計次型的重複執行 (for 述句)", "9 - 計次型的重複執行 (for 述句)\9 - 計次型的重複執行 (for 述句).vcxproj", "{18ED454E-FC84-44E5-AB7E-53131BF5595A}"
EndProject
Global
	GlobalSection(SolutionConfigurationPlatforms) = preSolution
		Debug|x64 = Debug|x64
		Debug|x86 = Debug|x86
		Release|x64 = Release|x64
		Release|x86 = Release|x86
	EndGlobalSection
	GlobalSection(ProjectConfigurationPlatforms) = postSolution
		{E2B2DD3D-26B6-494D-8751-F1EAF3D6EF9F}.Debug|x64.ActiveCfg = Debug|x64
		{E2B2DD3D-26B6-494D-8751-F1EAF3D6EF9F}.Debug|x64.Build.0 = Debug|x64
		{E2B2DD3D-26B6-494D-8751-F1EAF3D6EF9F}.Debug|x86.ActiveCfg = Debug|Win32
		{E2B2DD3D-26B6-494D-8751-F1EAF3D6EF9F}.Debug|x86.Build.0 = Debug|Win32
		{E2B2DD3D-26B6-494D-8751-F1EAF3D6EF9F}.Release|x64.ActiveCfg = Release|x64
		{E2B2DD3D-26B6-494D-8751-F1EAF3D6EF9F}.Release|x64.Build.0 = Release|x64
		{E2B2DD3D-26B6-494D-8751-F1EAF3D6EF9F}.Release|x86.ActiveCfg = Release|Win32
		{E2B2DD3D-26B6-494D-8751-F1EAF3D6EF9F}.Release|x86.Build.0 = Release|Win32
		{620471FD-C9A3-43C1-BB76-9B9B26D2BD95}.Debug|x64.ActiveCfg = Debug|x64
		{620471FD-C9A3-43C1-BB76-9B9B26D2BD95}.Debug|x64.Build.0 = Debug|x64
		{620471FD-C9A3-43C1-BB76-9B9B26D2BD95}.Debug|x86.ActiveCfg = Debug|Win32
		{620471FD-C9A3-43C1-BB76-9B9B26D2BD95}.Debug|x86.Build.0 = Debug|Win32
		{620471FD-C9A3-43C1-BB76-9B9B26D2BD95}.Release|x64.ActiveCfg = Release|x64
		{620471FD-C9A3-43C1-BB76-9B9B26D2BD95}.Release|x64.Build.0 = Release|x64
		{620471FD-C9A3-43C1-BB76-9B9B26D2BD95}.Release|x86.ActiveCfg = Release|Win32
		{620471FD-C9A3-43C1-BB76-9B9B26D2BD95}.Release|x86.Build.0 = Release|Win32
		{5C878572-3AE1-46CE-9CE8-88AE9C455D50}.Debug|x64.ActiveCfg = Debug|x64
		{5C878572-3AE1-46CE-9CE8-88AE9C455D50}.Debug|x64.Build.0 = Debug|x64
		{5C878572-3AE1-46CE-9CE8-88AE9C455D50}.Debug|x86.ActiveCfg = Debug|Win32
		{5C878572-3AE1-46CE-9CE8-88AE9C455D50}.Debug|x86.Build.0 = Debug|Win32
		{5C878572-3AE1-46CE-9CE8-88AE9C455D50}.Release|x64.ActiveCfg = Release|x64
		{5C878572-3AE1-46CE-9CE8-88AE9C455D50}.Release|x64.Build.0 = Release|x64
		{5C878572-3AE1-46CE-9CE8-88AE9C455D50}.Release|x86.ActiveCfg = Release|Win32
		{5C878572-3AE1-46CE-9CE8-88AE9C455D50}.Release|x86.Build.0 = Release|Win32
		{A5CF61AE-6EC2-4536-B595-9DF388BE5295}.Debug|x64.ActiveCfg = Debug|x64
		{A5CF61AE-6EC2-4536-B595-9DF388BE5295}.Debug|x64.Build.0 = Debug|x64
		{A5CF61AE-6EC2-4536-B595-9DF388BE5295}.Debug|x86.ActiveCfg = Debug|Win32
		{A5CF61AE-6EC2-4536-B595-9DF388BE5295}.Debug|x86.Build.0 = Debug|Win32
		{A5CF61AE-6EC2-4536-B595-9DF388BE5295}.Release|x64.ActiveCfg = Release|x64
		{A5CF61AE-6EC2-4536-B595-9DF388BE5295}.Release|x64.Build.0 = Release|x64
		{A5CF61AE-6EC2-4536-B595-9DF388BE5295}.Release|x86.ActiveCfg = Release|Win32
		{A5CF61AE-6EC2-4536-B595-9DF388BE5295}.Release|x86.Build.0 = Release|Win32
		{DD068959-75AE-4878-9B63-EFE63C7D39AD}.Debug|x64.ActiveCfg = Debug|x64
		{DD068959-75AE-4878-9B63-EFE63C7D39AD}.Debug|x64.Build.0 = Debug|x64
		{DD068959-75AE-4878-9B63-EFE63C7D39AD}.Debug|x86.ActiveCfg = Debug|Win32
		{DD068959-75AE-4878-9B63-EFE63C7D39AD}.Debug|x86.Build.0 = Debug|Win32
		{DD068959-75AE-4878-9B63-EFE63C7D39AD}.Release|x64.ActiveCfg = Release|x64
		{DD068959-75AE-4878-9B63-EFE63C7D39AD}.Release|x64.Build.0 = Release|x64
		{DD068959-75AE-4878-9B63-EFE63C7D39AD}.Release|x86.ActiveCfg = Release|Win32
		{DD068959-75AE-4878-9B63-EFE63C7D39AD}.Release|x86.Build.0 = Release|Win32
		{5AD3C2D2-723A-4EFC-B9C2-AAD6C32A441E}.Debug|x64.ActiveCfg = Debug|x64
		{5AD3C2D2-723A-4EFC-B9C2-AAD6C32A441E}.Debug|x64.Build.0 = Debug|x64
		{5AD3C2D2-723A-4EFC-B9C2-AAD6C32A441E}.Debug|x86.ActiveCfg = Debug|Win32
		{5AD3C2D2-723A-4EFC-B9C2-AAD6C32A441E}.Debug|x86.Build.0 = Debug|Win32
		{5AD3C2D2-723A-4EFC-B9C2-AAD6C32A441E}.Release|x64.ActiveCfg = Release|x64
		{5AD3C2D2-723A-4EFC-B9C2-AAD6C32A441E}.Release|x64.Build.0 = Release|x64
		{5AD3C2D2-723A-4EFC-B9C2-AAD6C32A441E}.Release|x86.ActiveCfg = Release|Win32
		{5AD3C2D2-723A-4EFC-B9C2-AAD6C32A441E}.Release|x86.Build.0 = Release|Win32
		{953658B0-FAA2-40AD-9DA5-10C821E7C2CF}.Debug|x64.ActiveCfg = Debug|x64
		{953658B0-FAA2-40AD-9DA5-10C821E7C2CF}.Debug|x64.Build.0 = Debug|x64
		{953658B0-FAA2-40AD-9DA5-10C821E7C2CF}.Debug|x86.ActiveCfg = Debug|Win32
		{953658B0-FAA2-40AD-9DA5-10C821E7C2CF}.Debug|x86.Build.0 = Debug|Win32
		{953658B0-FAA2-40AD-9DA5-10C821E7C2CF}.Release|x64.ActiveCfg = Release|x64
		{953658B0-FAA2-40AD-9DA5-10C821E7C2CF}.Release|x64.Build.0 = Release|x64
		{953658B0-FAA2-40AD-9DA5-10C821E7C2CF}.Release|x86.ActiveCfg = Release|Win32
		{953658B0-FAA2-40AD-9DA5-10C821E7C2CF}.Release|x86.Build.0 = Release|Win32
		{A29901ED-2619-4AAF-85CB-0820B3DE689D}.Debug|x64.ActiveCfg = Debug|x64
		{A29901ED-2619-4AAF-85CB-0820B3DE689D}.Debug|x64.Build.0 = Debug|x64
		{A29901ED-2619-4AAF-85CB-0820B3DE689D}.Debug|x86.ActiveCfg = Debug|Win32
		{A29901ED-2619-4AAF-85CB-0820B3DE689D}.Debug|x86.Build.0 = Debug|Win32
		{A29901ED-2619-4AAF-85CB-0820B3DE689D}.Release|x64.ActiveCfg = Release|x64
		{A29901ED-2619-4AAF-85CB-0820B3DE689D}.Release|x64.Build.0 = Release|x64
		{A29901ED-2619-4AAF-85CB-0820B3DE689D}.Release|x86.ActiveCfg = Release|Win32
		{A29901ED-2619-4AAF-85CB-0820B3DE689D}.Release|x86.Build.0 = Release|Win32
		{24128A58-5A66-431B-B17B-DFE4F329168B}.Debug|x64.ActiveCfg = Debug|x64
		{24128A58-5A66-431B-B17B-DFE4F329168B}.Debug|x64.Build.0 = Debug|x64
		{24128A58-5A66-431B-B17B-DFE4F329168B}.Debug|x86.ActiveCfg = Debug|Win32
		{24128A58-5A66-431B-B17B-DFE4F329168B}.Debug|x86.Build.0 = Debug|Win32
		{24128A58-5A66-431B-B17B-DFE4F329168B}.Release|x64.ActiveCfg = Release|x64
		{24128A58-5A66-431B-B17B-DFE4F329168B}.Release|x64.Build.0 = Release|x64
		{24128A58-5A66-431B-B17B-DFE4F329168B}.Release|x86.ActiveCfg = Release|Win32
		{24128A58-5A66-431B-B17B-DFE4F329168B}.Release|x86.Build.0 = Release|Win32
		{4B015579-4A33-481A-B4CA-2B601C2F58CA}.Debug|x64.ActiveCfg = Debug|x64
		{4B015579-4A33-481A-B4CA-2B601C2F58CA}.Debug|x64.Build.0 = Debug|x64
		{4B015579-4A33-481A-B4CA-2B601C2F58CA}.Debug|x86.ActiveCfg = Debug|Win32
		{4B015579-4A33-481A-B4CA-2B601C2F58CA}.Debug|x86.Build.0 = Debug|Win32
		{4B015579-4A33-481A-B4CA-2B601C2F58CA}.Release|x64.ActiveCfg = Release|x64
		{4B015579-4A33-481A-B4CA-2B601C2F58CA}.Release|x64.Build.0 = Release|x64
		{4B015579-4A33-481A-B4CA-2B601C2F58CA}.Release|x86.ActiveCfg = Release|Win32
		{4B015579-4A33-481A-B4CA-2B601C2F58CA}.Release|x86.Build.0 = Release|Win32
		{CBF5AE4E-C990-4DF2-B70F-43D787A290D0}.Debug|x64.ActiveCfg = Debug|x64
		{CBF5AE4E-C990-4DF2-B70F-43D787A290D0}.Debug|x64.Build.0 = Debug|x64
		{CBF5AE4E-C990-4DF2-B70F-43D787A290D0}.Debug|x86.ActiveCfg = Debug|Win32
		{CBF5AE4E-C990-4DF2-B70F-43D787A290D0}.Debug|x86.Build.0 = Debug|Win32
		{CBF5AE4E-C990-4DF2-B70F-43D787A290D0}.Release|x64.ActiveCfg = Release|x64
		{CBF5AE4E-C990-4DF2-B70F-43D787A290D0}.Release|x64.Build.0 = Release|x64
		{CBF5AE4E-C990-4DF2-B70F-43D787A290D0}.Release|x86.ActiveCfg = Release|Win32
		{CBF5AE4E-C990-4DF2-B70F-43D787A290D0}.Release|x86.Build.0 = Release|Win32
		{3F21C0D5-906D-40A9-A5B6-93E2779D3052}.Debug|x64.ActiveCfg = Debug|x64
		{3F21C0D5-906D-40A9-A5B6-93E2779D3052}.Debug|x64.Build.0 = Debug|x64
		{3F21C0D5-906D-40A9-A5B6-93E2779D3052}.Debug|x86.ActiveCfg = Debug|Win32
		{3F21C0D5-906D-40A9-A5B6-93E2779D3052}.Debug|x86.Build.0 = Debug|Win32
		{3F21C0D5-906D-40A9-A5B6-93E2779D3052}.Release|x64.ActiveCfg = Release|x64
		{3F21C0D5-906D-40A9-A5B6-93E2779D3052}.Release|x64.Build.0 = Release|x64
		{3F21C0D5-906D-40A9-A5B6-93E2779D3052}.Release|x86.ActiveCfg = Release|Win32
		{3F21C0D5-906D-40A9-A5B6-93E2779D3052}.Release|x86.Build.0 = Release|Win32
		{55F7586E-5FF1-4B1B-94AC-FE11624C7A31}.Debug|x64.ActiveCfg = Debug|x64
		{55F7586E-5FF1-4B1B-94AC-FE11624C7A31}.Debug|x64.Build.0 = Debug|x64
		{55F7586E-5FF1-4B1B-94AC-FE11624C7A31}.Debug|x86.ActiveCfg = Debug|Win32
		{55F7586E-5FF1-4B1B-94AC-FE11624C7A31}.Debug|x86.Build.0 = Debug|Win32
		{55F7586E-5FF1-4B1B-94AC-FE11624C7A31}.Release|x64.ActiveCfg = Release|x64
		{55F7586E-5FF1-4B1B-94AC-FE11624C7A31}.Release|x64.Build.0 = Release|x64
		{55F7586E-5FF1-4B1B-94AC-FE11624C7A31}.Release|x86.ActiveCfg = Release|Win32
		{55F7586E-5FF1-4B1B-94AC-FE11624C7A31}.Release|x86.Build.0 = Release|Win32
		{059EA5F2-2DF7-4F8D-9F40-270BB9B64E83}.Debug|x64.ActiveCfg = Debug|x64
		{059EA5F2-2DF7-4F8D-9F40-270BB9B64E83}.Debug|x64.Build.0 = Debug|x64
		{059EA5F2-2DF7-4F8D-9F40-270BB9B64E83}.Debug|x86.ActiveCfg = Debug|Win32
		{059EA5F2-2DF7-4F8D-9F40-270BB9B64E83}.Debug|x86.Build.0 = Debug|Win32
		{059EA5F2-2DF7-4F8D-9F40-270BB9B64E83}.Release|x64.ActiveCfg = Release|x64
		{059EA5F2-2DF7-4F8D-9F40-270BB9B64E83}.Release|x64.Build.0 = Release|x64
		{059EA5F2-2DF7-4F8D-9F40-270BB9B64E83}.Release|x86.ActiveCfg = Release|Win32
		{059EA5F2-2DF7-4F8D-9F40-270BB9B64E83}.Release|x86.Build.0 = Release|Win32
		{A2E3E24C-A3EB-474B-9C45-BA0FABB29CA6}.Debug|x64.ActiveCfg = Debug|x64
		{A2E3E24C-A3EB-474B-9C45-BA0FABB29CA6}.Debug|x64.Build.0 = Debug|x64
		{A2E3E24C-A3EB-474B-9C45-BA0FABB29CA6}.Debug|x86.ActiveCfg = Debug|Win32
		{A2E3E24C-A3EB-474B-9C45-BA0FABB29CA6}.Debug|x86.Build.0 = Debug|Win32
		{A2E3E24C-A3EB-474B-9C45-BA0FABB29CA6}.Release|x64.ActiveCfg = Release|x64
		{A2E3E24C-A3EB-474B-9C45-BA0FABB29CA6}.Release|x64.Build.0 = Release|x64
		{A2E3E24C-A3EB-474B-9C45-BA0FABB29CA6}.Release|x86.ActiveCfg = Release|Win32
		{A2E3E24C-A3EB-474B-9C45-BA0FABB29CA6}.Release|x86.Build.0 = Release|Win32
		{1D289063-82DB-4A0A-BF56-CBBFB3D78083}.Debug|x64.ActiveCfg = Debug|x64
		{1D289063-82DB-4A0A-BF56-CBBFB3D78083}.Debug|x64.Build.0 = Debug|x64
		{1D289063-82DB-4A0A-BF56-CBBFB3D78083}.Debug|x86.ActiveCfg = Debug|Win32
		{1D289063-82DB-4A0A-BF56-CBBFB3D78083}.Debug|x86.Build.0 = Debug|Win32
		{1D289063-82DB-4A0A-BF56-CBBFB3D78083}.Release|x64.ActiveCfg = Release|x64
		{1D289063-82DB-4A0A-BF56-CBBFB3D78083}.Release|x64.Build.0 = Release|x64
		{1D289063-82DB-4A0A-BF56-CBBFB3D78083}.Release|x86.ActiveCfg = Release|Win32
		{1D289063-82DB-4A0A-BF56-CBBFB3D78083}.Release|x86.Build.0 = Release|Win32
		{6667C281-3167-4370-80A0-3CC8A441641A}.Debug|x64.ActiveCfg = Debug|x64
		{6667C281-3167-4370-80A0-3CC8A441641A}.Debug|x64.Build.0 = Debug|x64
		{6667C281-3167-4370-80A0-3CC8A441641A}.Debug|x86.ActiveCfg = Debug|Win32
		{6667C281-3167-4370-80A0-3CC8A441641A}.Debug|x86.Build.0 = Debug|Win32
		{6667C281-3167-4370-80A0-3CC8A441641A}.Release|x64.ActiveCfg = Release|x64
		{6667C281-3167-4370-80A0-3CC8A441641A}.Release|x64.Build.0 = Release|x64
		{6667C281-3167-4370-80A0-3CC8A441641A}.Release|x86.ActiveCfg = Release|Win32
		{6667C281-3167-4370-80A0-3CC8A441641A}.Release|x86.Build.0 = Release|Win32
		{04C7C220-3B7E-4F2C-99CE-5AFA1DE41A1D}.Debug|x64.ActiveCfg = Debug|x64
		{04C7C220-3B7E-4F2C-99CE-5AFA1DE41A1D}.Debug|x64.Build.0 = Debug|x64
		{04C7C220-3B7E-4F2C-99CE-5AFA1DE41A1D}.Debug|x86.ActiveCfg = Debug|Win32
		{04C7C220-3B7E-4F2C-99CE-5AFA1DE41A1D}.Debug|x86.Build.0 = Debug|Win32
		{04C7C220-3B7E-4F2C-99CE-5AFA1DE41A1D}.Release|x64.ActiveCfg = Release|x64
		{04C7C220-3B7E-4F2C-99CE-5AFA1DE41A1D}.Release|x64.Build.0 = Release|x64
		{04C7C220-3B7E-4F2C-99CE-5AFA1DE41A1D}.Release|x86.ActiveCfg = Release|Win32
		{04C7C220-3B7E-4F2C-99CE-5AFA1DE41A1D}.Release|x86.Build.0 = Release|Win32
		{B7375C8B-D9E7-4DB3-BEFF-4B77517892A7}.Debug|x64.ActiveCfg = Debug|x64
		{B7375C8B-D9E7-4DB3-BEFF-4B77517892A7}.Debug|x64.Build.0 = Debug|x64
		{B7375C8B-D9E7-4DB3-BEFF-4B77517892A7}.Debug|x86.ActiveCfg = Debug|Win32
		{B7375C8B-D9E7-4DB3-BEFF-4B77517892A7}.Debug|x86.Build.0 = Debug|Win32
		{B7375C8B-D9E7-4DB3-BEFF-4B77517892A7}.Release|x64.ActiveCfg = Release|x64
		{B7375C8B-D9E7-4DB3-BEFF-4B77517892A7}.Release|x64.Build.0 = Release|x64
		{B7375C8B-D9E7-4DB3-BEFF-4B77517892A7}.Release|x86.ActiveCfg = Release|Win32
		{B7375C8B-D9E7-4DB3-BEFF-4B77517892A7}.Release|x86.Build.0 = Release|Win32
		{BDD86C1C-6F06-417A-916D-09B3A0191170}.Debug|x64.ActiveCfg = Debug|x64
		{BDD86C1C-6F06-417A-916D-09B3A0191170}.Debug|x64.Build.0 = Debug|x64
		{BDD86C1C-6F06-417A-916D-09B3A0191170}.Debug|x86.ActiveCfg = Debug|Win32
		{BDD86C1C-6F06-417A-916D-09B3A0191170}.Debug|x86.Build.0 = Debug|Win32
		{BDD86C1C-6F06-417A-916D-09B3A0191170}.Release|x64.ActiveCfg = Release|x64
		{BDD86C1C-6F06-417A-916D-09B3A0191170}.Release|x64.Build.0 = Release|x64
		{BDD86C1C-6F06-417A-916D-09B3A0191170}.Release|x86.ActiveCfg = Release|Win32
		{BDD86C1C-6F06-417A-916D-09B3A0191170}.Release|x86.Build.0 = Release|Win32
		{6A28B5C6-CC0C-475C-853B-2B0010FF754D}.Debug|x64.ActiveCfg = Debug|x64
		{6A28B5C6-CC0C-475C-853B-2B0010FF754D}.Debug|x64.Build.0 = Debug|x64
		{6A28B5C6-CC0C-475C-853B-2B0010FF754D}.Debug|x86.ActiveCfg = Debug|Win32
		{6A28B5C6-CC0C-475C-853B-2B0010FF754D}.Debug|x86.Build.0 = Debug|Win32
		{6A28B5C6-CC0C-475C-853B-2B0010FF754D}.Release|x64.ActiveCfg = Release|x64
		{6A28B5C6-CC0C-475C-853B-2B0010FF754D}.Release|x64.Build.0 = Release|x64
		{6A28B5C6-CC0C-475C-853B-2B0010FF754D}.Release|x86.ActiveCfg = Release|Win32
		{6A28B5C6-CC0C-475C-853B-2B0010FF754D}.Release|x86.Build.0 = Release|Win32
		{364A35C4-3695-4286-ACB5-E9AC807B6FBC}.Debug|x64.ActiveCfg = Debug|x64
		{364A35C4-3695-4286-ACB5-E9AC807B6FBC}.Debug|x64.Build.0 = Debug|x64
		{364A35C4-3695-4286-ACB5-E9AC807B6FBC}.Debug|x86.ActiveCfg = Debug|Win32
		{364A35C4-3695-4286-ACB5-E9AC807B6FBC}.Debug|x86.Build.0 = Debug|Win32
		{364A35C4-3695-4286-ACB5-E9AC807B6FBC}.Release|x64.ActiveCfg = Release|x64
		{364A35C4-3695-4286-ACB5-E9AC807B6FBC}.Release|x64.Build.0 = Release|x64
		{364A35C4-3695-4286-ACB5-E9AC807B6FBC}.Release|x86.ActiveCfg = Release|Win32
		{364A35C4-3695-4286-ACB5-E9AC807B6FBC}.Release|x86.Build.0 = Release|Win32
		{CA802D25-1D9D-43CE-ADA7-9C1D6BFAAA67}.Debug|x64.ActiveCfg = Debug|x64
		{CA802D25-1D9D-43CE-ADA7-9C1D6BFAAA67}.Debug|x64.Build.0 = Debug|x64
		{CA802D25-1D9D-43CE-ADA7-9C1D6BFAAA67}.Debug|x86.ActiveCfg = Debug|Win32
		{CA802D25-1D9D-43CE-ADA7-9C1D6BFAAA67}.Debug|x86.Build.0 = Debug|Win32
		{CA802D25-1D9D-43CE-ADA7-9C1D6BFAAA67}.Release|x64.ActiveCfg = Release|x64
		{CA802D25-1D9D-43CE-ADA7-9C1D6BFAAA67}.Release|x64.Build.0 = Release|x64
		{CA802D25-1D9D-43CE-ADA7-9C1D6BFAAA67}.Release|x86.ActiveCfg = Release|Win32
		{CA802D25-1D9D-43CE-ADA7-9C1D6BFAAA67}.Release|x86.Build.0 = Release|Win32
		{C70F8107-487E-4C4F-AE8F-261E0B637EE5}.Debug|x64.ActiveCfg = Debug|x64
		{C70F8107-487E-4C4F-AE8F-261E0B637EE5}.Debug|x64.Build.0 = Debug|x64
		{C70F8107-487E-4C4F-AE8F-261E0B637EE5}.Debug|x86.ActiveCfg = Debug|Win32
		{C70F8107-487E-4C4F-AE8F-261E0B637EE5}.Debug|x86.Build.0 = Debug|Win32
		{C70F8107-487E-4C4F-AE8F-261E0B637EE5}.Release|x64.ActiveCfg = Release|x64
		{C70F8107-487E-4C4F-AE8F-261E0B637EE5}.Release|x64.Build.0 = Release|x64
		{C70F8107-487E-4C4F-AE8F-261E0B637EE5}.Release|x86.ActiveCfg = Release|Win32
		{C70F8107-487E-4C4F-AE8F-261E0B637EE5}.Release|x86.Build.0 = Release|Win32
		{76CFC144-D1C1-4663-90B4-B7F728CCEC6E}.Debug|x64.ActiveCfg = Debug|x64
		{76CFC144-D1C1-4663-90B4-B7F728CCEC6E}.Debug|x64.Build.0 = Debug|x64
		{76CFC144-D1C1-4663-90B4-B7F728CCEC6E}.Debug|x86.ActiveCfg = Debug|Win32
		{76CFC144-D1C1-4663-90B4-B7F728CCEC6E}.Debug|x86.Build.0 = Debug|Win32
		{76CFC144-D1C1-4663-90B4-B7F728CCEC6E}.Release|x64.ActiveCfg = Release|x64
		{76CFC144-D1C1-4663-90B4-B7F728CCEC6E}.Release|x64.Build.0 = Release|x64
		{76CFC144-D1C1-4663-90B4-B7F728CCEC6E}.Release|x86.ActiveCfg = Release|Win32
		{76CFC144-D1C1-4663-90B4-B7F728CCEC6E}.Release|x86.Build.0 = Release|Win32
		{C8DC31FD-DFF5-44D9-9DA4-FECE3B8195E8}.Debug|x64.ActiveCfg = Debug|x64
		{C8DC31FD-DFF5-44D9-9DA4-FECE3B8195E8}.Debug|x64.Build.0 = Debug|x64
		{C8DC31FD-DFF5-44D9-9DA4-FECE3B8195E8}.Debug|x86.ActiveCfg = Debug|Win32
		{C8DC31FD-DFF5-44D9-9DA4-FECE3B8195E8}.Debug|x86.Build.0 = Debug|Win32
		{C8DC31FD-DFF5-44D9-9DA4-FECE3B8195E8}.Release|x64.ActiveCfg = Release|x64
		{C8DC31FD-DFF5-44D9-9DA4-FECE3B8195E8}.Release|x64.Build.0 = Release|x64
		{C8DC31FD-DFF5-44D9-9DA4-FECE3B8195E8}.Release|x86.ActiveCfg = Release|Win32
		{C8DC31FD-DFF5-44D9-9DA4-FECE3B8195E8}.Release|x86.Build.0 = Release|Win32
		{E0140292-8B27-4A4D-A301-ECB4CB11060D}.Debug|x64.ActiveCfg = Debug|x64
		{E0140292-8B27-4A4D-A301-ECB4CB11060D}.Debug|x64.Build.0 = Debug|x64
		{E0140292-8B27-4A4D-A301-ECB4CB11060D}.Debug|x86.ActiveCfg = Debug|Win32
		{E0140292-8B27-4A4D-A301-ECB4CB11060D}.Debug|x86.Build.0 = Debug|Win32
		{E0140292-8B27-4A4D-A301-ECB4CB11060D}.Release|x64.ActiveCfg = Release|x64
		{E0140292-8B27-4A4D-A301-ECB4CB11060D}.Release|x64.Build.0 = Release|x64
		{E0140292-8B27-4A4D-A301-ECB4CB11060D}.Release|x86.ActiveCfg = Release|Win32
		{E0140292-8B27-4A4D-A301-ECB4CB11060D}.Release|x86.Build.0 = Release|Win32
		{2E43169E-EC6F-4123-96F2-C77365550185}.Debug|x64.ActiveCfg = Debug|x64
		{2E43169E-EC6F-4123-96F2-C77365550185}.Debug|x64.Build.0 = Debug|x64
		{2E43169E-EC6F-4123-96F2-C77365550185}.Debug|x86.ActiveCfg = Debug|Win32
		{2E43169E-EC6F-4123-96F2-C77365550185}.Debug|x86.Build.0 = Debug|Win32
		{2E43169E-EC6F-4123-96F2-C77365550185}.Release|x64.ActiveCfg = Release|x64
		{2E43169E-EC6F-4123-96F2-C77365550185}.Release|x64.Build.0 = Release|x64
		{2E43169E-EC6F-4123-96F2-C77365550185}.Release|x86.ActiveCfg = Release|Win32
		{2E43169E-EC6F-4123-96F2-C77365550185}.Release|x86.Build.0 = Release|Win32
		{F49DE7FA-1033-4191-BDE4-8C3F37F6F06E}.Debug|x64.ActiveCfg = Debug|x64
		{F49DE7FA-1033-4191-BDE4-8C3F37F6F06E}.Debug|x64.Build.0 = Debug|x64
		{F49DE7FA-1033-4191-BDE4-8C3F37F6F06E}.Debug|x86.ActiveCfg = Debug|Win32
		{F49DE7FA-1033-4191-BDE4-8C3F37F6F06E}.Debug|x86.Build.0 = Debug|Win32
		{F49DE7FA-1033-4191-BDE4-8C3F37F6F06E}.Release|x64.ActiveCfg = Release|x64
		{F49DE7FA-1033-4191-BDE4-8C3F37F6F06E}.Release|x64.Build.0 = Release|x64
		{F49DE7FA-1033-4191-BDE4-8C3F37F6F06E}.Release|x86.ActiveCfg = Release|Win32
		{F49DE7FA-1033-4191-BDE4-8C3F37F6F06E}.Release|x86.Build.0 = Release|Win32
		{59179568-63E0-4EBC-B723-9B53EC08E355}.Debug|x64.ActiveCfg = Debug|x64
		{59179568-63E0-4EBC-B723-9B53EC08E355}.Debug|x64.Build.0 = Debug|x64
		{59179568-63E0-4EBC-B723-9B53EC08E355}.Debug|x86.ActiveCfg = Debug|Win32
		{59179568-63E0-4EBC-B723-9B53EC08E355}.Debug|x86.Build.0 = Debug|Win32
		{59179568-63E0-4EBC-B723-9B53EC08E355}.Release|x64.ActiveCfg = Release|x64
		{59179568-63E0-4EBC-B723-9B53EC08E355}.Release|x64.Build.0 = Release|x64
		{59179568-63E0-4EBC-B723-9B53EC08E355}.Release|x86.ActiveCfg = Release|Win32
		{59179568-63E0-4EBC-B723-9B53EC08E355}.Release|x86.Build.0 = Release|Win32
		{673E76AF-B28F-4B0C-8202-8DEDBCF64591}.Debug|x64.ActiveCfg = Debug|x64
		{673E76AF-B28F-4B0C-8202-8DEDBCF64591}.Debug|x64.Build.0 = Debug|x64
		{673E76AF-B28F-4B0C-8202-8DEDBCF64591}.Debug|x86.ActiveCfg = Debug|Win32
		{673E76AF-B28F-4B0C-8202-8DEDBCF64591}.Debug|x86.Build.0 = Debug|Win32
		{673E76AF-B28F-4B0C-8202-8DEDBCF64591}.Release|x64.ActiveCfg = Release|x64
		{673E76AF-B28F-4B0C-8202-8DEDBCF64591}.Release|x64.Build.0 = Release|x64
		{673E76AF-B28F-4B0C-8202-8DEDBCF64591}.Release|x86.ActiveCfg = Release|Win32
		{673E76AF-B28F-4B0C-8202-8DEDBCF64591}.Release|x86.Build.0 = Release|Win32
		{A43CDB26-B00C-4A26-9E3C-16A9A62C64A3}.Debug|x64.ActiveCfg = Debug|x64
		{A43CDB26-B00C-4A26-9E3C-16A9A62C64A3}.Debug|x64.Build.0 = Debug|x64
		{A43CDB26-B00C-4A26-9E3C-16A9A62C64A3}.Debug|x86.ActiveCfg = Debug|Win32
		{A43CDB26-B00C-4A26-9E3C-16A9A62C64A3}.Debug|x86.Build.0 = Debug|Win32
		{A43CDB26-B00C-4A26-9E3C-16A9A62C64A3}.Release|x64.ActiveCfg = Release|x64
		{A43CDB26-B00C-4A26-9E3C-16A9A62C64A3}.Release|x64.Build.0 = Release|x64
		{A43CDB26-B00C-4A26-9E3C-16A9A62C64A3}.Release|x86.ActiveCfg = Release|Win32
		{A43CDB26-B00C-4A26-9E3C-16A9A62C64A3}.Release|x86.Build.0 = Release|Win32
		{4DC4A163-2E26-4D34-8C5A-AF32BED9BB5B}.Debug|x64.ActiveCfg = Debug|x64
		{4DC4A163-2E26-4D34-8C5A-AF32BED9BB5B}.Debug|x64.Build.0 = Debug|x64
		{4DC4A163-2E26-4D34-8C5A-AF32BED9BB5B}.Debug|x86.ActiveCfg = Debug|Win32
		{4DC4A163-2E26-4D34-8C5A-AF32BED9BB5B}.Debug|x86.Build.0 = Debug|Win32
		{4DC4A163-2E26-4D34-8C5A-AF32BED9BB5B}.Release|x64.ActiveCfg = Release|x64
		{4DC4A163-2E26-4D34-8C5A-AF32BED9BB5B}.Release|x64.Build.0 = Release|x64
		{4DC4A163-2E26-4D34-8C5A-AF32BED9BB5B}.Release|x86.ActiveCfg = Release|Win32
		{4DC4A163-2E26-4D34-8C5A-AF32BED9BB5B}.Release|x86.Build.0 = Release|Win32
		{CEA0D177-A44D-4FFB-8905-7B3FE6152386}.Debug|x64.ActiveCfg = Debug|x64
		{CEA0D177-A44D-4FFB-8905-7B3FE6152386}.Debug|x64.Build.0 = Debug|x64
		{CEA0D177-A44D-4FFB-8905-7B3FE6152386}.Debug|x86.ActiveCfg = Debug|Win32
		{CEA0D177-A44D-4FFB-8905-7B3FE6152386}.Debug|x86.Build.0 = Debug|Win32
		{CEA0D177-A44D-4FFB-8905-7B3FE6152386}.Release|x64.ActiveCfg = Release|x64
		{CEA0D177-A44D-4FFB-8905-7B3FE6152386}.Release|x64.Build.0 = Release|x64
		{CEA0D177-A44D-4FFB-8905-7B3FE6152386}.Release|x86.ActiveCfg = Release|Win32
		{CEA0D177-A44D-4FFB-8905-7B3FE6152386}.Release|x86.Build.0 = Release|Win32
		{DA3E48B0-A6CA-4CD8-A91A-4436B148B62A}.Debug|x64.ActiveCfg = Debug|x64
		{DA3E48B0-A6CA-4CD8-A91A-4436B148B62A}.Debug|x64.Build.0 = Debug|x64
		{DA3E48B0-A6CA-4CD8-A91A-4436B148B62A}.Debug|x86.ActiveCfg = Debug|Win32
		{DA3E48B0-A6CA-4CD8-A91A-4436B148B62A}.Debug|x86.Build.0 = Debug|Win32
		{DA3E48B0-A6CA-4CD8-A91A-4436B148B62A}.Release|x64.ActiveCfg = Release|x64
		{DA3E48B0-A6CA-4CD8-A91A-4436B148B62A}.Release|x64.Build.0 = Release|x64
		{DA3E48B0-A6CA-4CD8-A91A-4436B148B62A}.Release|x86.ActiveCfg = Release|Win32
		{DA3E48B0-A6CA-4CD8-A91A-4436B148B62A}.Release|x86.Build.0 = Release|Win32
		{64034707-EA6B-4D7D-94A6-7F61C7DC71F6}.Debug|x64.ActiveCfg = Debug|x64
		{64034707-EA6B-4D7D-94A6-7F61C7DC71F6}.Debug|x64.Build.0 = Debug|x64
		{64034707-EA6B-4D7D-94A6-7F61C7DC71F6}.Debug|x86.ActiveCfg = Debug|Win32
		{64034707-EA6B-4D7D-94A6-7F61C7DC71F6}.Debug|x86.Build.0 = Debug|Win32
		{64034707-EA6B-4D7D-94A6-7F61C7DC71F6}.Release|x64.ActiveCfg = Release|x64
		{64034707-EA6B-4D7D-94A6-7F61C7DC71F6}.Release|x64.Build.0 = Release|x64
		{64034707-EA6B-4D7D-94A6-7F61C7DC71F6}.Release|x86.ActiveCfg = Release|Win32
		{64034707-EA6B-4D7D-94A6-7F61C7DC71F6}.Release|x86.Build.0 = Release|Win32
		{F0B0A022-F65A-4D06-9EB7-273A979C2378}.Debug|x64.ActiveCfg = Debug|x64
		{F0B0A022-F65A-4D06-9EB7-273A979C2378}.Debug|x64.Build.0 = Debug|x64
		{F0B0A022-F65A-4D06-9EB7-273A979C2378}.Debug|x86.ActiveCfg = Debug|Win32
		{F0B0A022-F65A-4D06-9EB7-273A979C2378}.Debug|x86.Build.0 = Debug|Win32
		{F0B0A022-F65A-4D06-9EB7-273A979C2378}.Release|x64.ActiveCfg = Release|x64
		{F0B0A022-F65A-4D06-9EB7-273A979C2378}.Release|x64.Build.0 = Release|x64
		{F0B0A022-F65A-4D06-9EB7-273A979C2378}.Release|x86.ActiveCfg = Release|Win32
		{F0B0A022-F65A-4D06-9EB7-273A979C2378}.Release|x86.Build.0 = Release|Win32
		{E3C3A460-C8A7-42B0-BC6A-67B1A32AD2D2}.Debug|x64.ActiveCfg = Debug|x64
		{E3C3A460-C8A7-42B0-BC6A-67B1A32AD2D2}.Debug|x64.Build.0 = Debug|x64
		{E3C3A460-C8A7-42B0-BC6A-67B1A32AD2D2}.Debug|x86.ActiveCfg = Debug|Win32
		{E3C3A460-C8A7-42B0-BC6A-67B1A32AD2D2}.Debug|x86.Build.0 = Debug|Win32
		{E3C3A460-C8A7-42B0-BC6A-67B1A32AD2D2}.Release|x64.ActiveCfg = Release|x64
		{E3C3A460-C8A7-42B0-BC6A-67B1A32AD2D2}.Release|x64.Build.0 = Release|x64
		{E3C3A460-C8A7-42B0-BC6A-67B1A32AD2D2}.Release|x86.ActiveCfg = Release|Win32
		{E3C3A460-C8A7-42B0-BC6A-67B1A32AD2D2}.Release|x86.Build.0 = Release|Win32
		{31FA8FCE-6E01-467E-B0FC-F22DD1B2B205}.Debug|x64.ActiveCfg = Debug|x64
		{31FA8FCE-6E01-467E-B0FC-F22DD1B2B205}.Debug|x64.Build.0 = Debug|x64
		{31FA8FCE-6E01-467E-B0FC-F22DD1B2B205}.Debug|x86.ActiveCfg = Debug|Win32
		{31FA8FCE-6E01-467E-B0FC-F22DD1B2B205}.Debug|x86.Build.0 = Debug|Win32
		{31FA8FCE-6E01-467E-B0FC-F22DD1B2B205}.Release|x64.ActiveCfg = Release|x64
		{31FA8FCE-6E01-467E-B0FC-F22DD1B2B205}.Release|x64.Build.0 = Release|x64
		{31FA8FCE-6E01-467E-B0FC-F22DD1B2B205}.Release|x86.ActiveCfg = Release|Win32
		{31FA8FCE-6E01-467E-B0FC-F22DD1B2B205}.Release|x86.Build.0 = Release|Win32
		{EF916303-CA4C-4B2E-914C-E7D6C3737516}.Debug|x64.ActiveCfg = Debug|x64
		{EF916303-CA4C-4B2E-914C-E7D6C3737516}.Debug|x64.Build.0 = Debug|x64
		{EF916303-CA4C-4B2E-914C-E7D6C3737516}.Debug|x86.ActiveCfg = Debug|Win32
		{EF916303-CA4C-4B2E-914C-E7D6C3737516}.Debug|x86.Build.0 = Debug|Win32
		{EF916303-CA4C-4B2E-914C-E7D6C3737516}.Release|x64.ActiveCfg = Release|x64
		{EF916303-CA4C-4B2E-914C-E7D6C3737516}.Release|x64.Build.0 = Release|x64
		{EF916303-CA4C-4B2E-914C-E7D6C3737516}.Release|x86.ActiveCfg = Release|Win32
		{EF916303-CA4C-4B2E-914C-E7D6C3737516}.Release|x86.Build.0 = Release|Win32
		{660F4493-FCC1-4439-B3F5-090C995A3057}.Debug|x64.ActiveCfg = Debug|x64
		{660F4493-FCC1-4439-B3F5-090C995A3057}.Debug|x64.Build.0 = Debug|x64
		{660F4493-FCC1-4439-B3F5-090C995A3057}.Debug|x86.ActiveCfg = Debug|Win32
		{660F4493-FCC1-4439-B3F5-090C995A3057}.Debug|x86.Build.0 = Debug|Win32
		{660F4493-FCC1-4439-B3F5-090C995A3057}.Release|x64.ActiveCfg = Release|x64
		{660F4493-FCC1-4439-B3F5-090C995A3057}.Release|x64.Build.0 = Release|x64
		{660F4493-FCC1-4439-B3F5-090C995A3057}.Release|x86.ActiveCfg = Release|Win32
		{660F4493-FCC1-4439-B3F5-090C995A3057}.Release|x86.Build.0 = Release|Win32
		{13C5D163-F91D-4AD9-8944-520A159A5C23}.Debug|x64.ActiveCfg = Debug|x64
		{13C5D163-F91D-4AD9-8944-520A159A5C23}.Debug|x64.Build.0 = Debug|x64
		{13C5D163-F91D-4AD9-8944-520A159A5C23}.Debug|x86.ActiveCfg = Debug|Win32
		{13C5D163-F91D-4AD9-8944-520A159A5C23}.Debug|x86.Build.0 = Debug|Win32
		{13C5D163-F91D-4AD9-8944-520A159A5C23}.Release|x64.ActiveCfg = Release|x64
		{13C5D163-F91D-4AD9-8944-520A159A5C23}.Release|x64.Build.0 = Release|x64
		{13C5D163-F91D-4AD9-8944-520A159A5C23}.Release|x86.ActiveCfg = Release|Win32
		{13C5D163-F91D-4AD9-8944-520A159A5C23}.Release|x86.Build.0 = Release|Win32
		{1A5BB7D3-B244-457D-A75C-BE439134F300}.Debug|x64.ActiveCfg = Debug|x64
		{1A5BB7D3-B244-457D-A75C-BE439134F300}.Debug|x64.Build.0 = Debug|x64
		{1A5BB7D3-B244-457D-A75C-BE439134F300}.Debug|x86.ActiveCfg = Debug|Win32
		{1A5BB7D3-B244-457D-A75C-BE439134F300}.Debug|x86.Build.0 = Debug|Win32
		{1A5BB7D3-B244-457D-A75C-BE439134F300}.Release|x64.ActiveCfg = Release|x64
		{1A5BB7D3-B244-457D-A75C-BE439134F300}.Release|x64.Build.0 = Release|x64
		{1A5BB7D3-B244-457D-A75C-BE439134F300}.Release|x86.ActiveCfg = Release|Win32
		{1A5BB7D3-B244-457D-A75C-BE439134F300}.Release|x86.Build.0 = Release|Win32
		{2BB166EC-20A3-407D-A3E9-DDE1205EF0D9}.Debug|x64.ActiveCfg = Debug|x64
		{2BB166EC-20A3-407D-A3E9-DDE1205EF0D9}.Debug|x64.Build.0 = Debug|x64
		{2BB166EC-20A3-407D-A3E9-DDE1205EF0D9}.Debug|x86.ActiveCfg = Debug|Win32
		{2BB166EC-20A3-407D-A3E9-DDE1205EF0D9}.Debug|x86.Build.0 = Debug|Win32
		{2BB166EC-20A3-407D-A3E9-DDE1205EF0D9}.Release|x64.ActiveCfg = Release|x64
		{2BB166EC-20A3-407D-A3E9-DDE1205EF0D9}.Release|x64.Build.0 = Release|x64
		{2BB166EC-20A3-407D-A3E9-DDE1205EF0D9}.Release|x86.ActiveCfg = Release|Win32
		{2BB166EC-20A3-407D-A3E9-DDE1205EF0D9}.Release|x86.Build.0 = Release|Win32
		{B194A6BC-49C6-4946-A537-7EAE9EE1FF1A}.Debug|x64.ActiveCfg = Debug|x64
		{B194A6BC-49C6-4946-A537-7EAE9EE1FF1A}.Debug|x64.Build.0 = Debug|x64
		{B194A6BC-49C6-4946-A537-7EAE9EE1FF1A}.Debug|x86.ActiveCfg = Debug|Win32
		{B194A6BC-49C6-4946-A537-7EAE9EE1FF1A}.Debug|x86.Build.0 = Debug|Win32
		{B194A6BC-49C6-4946-A537-7EAE9EE1FF1A}.Release|x64.ActiveCfg = Release|x64
		{B194A6BC-49C6-4946-A537-7EAE9EE1FF1A}.Release|x64.Build.0 = Release|x64
		{B194A6BC-49C6-4946-A537-7EAE9EE1FF1A}.Release|x86.ActiveCfg = Release|Win32
		{B194A6BC-49C6-4946-A537-7EAE9EE1FF1A}.Release|x86.Build.0 = Release|Win32
		{A5899BBF-A295-4E2A-874E-F51F5C09D1AF}.Debug|x64.ActiveCfg = Debug|x64
		{A5899BBF-A295-4E2A-874E-F51F5C09D1AF}.Debug|x64.Build.0 = Debug|x64
		{A5899BBF-A295-4E2A-874E-F51F5C09D1AF}.Debug|x86.ActiveCfg = Debug|Win32
		{A5899BBF-A295-4E2A-874E-F51F5C09D1AF}.Debug|x86.Build.0 = Debug|Win32
		{A5899BBF-A295-4E2A-874E-F51F5C09D1AF}.Release|x64.ActiveCfg = Release|x64
		{A5899BBF-A295-4E2A-874E-F51F5C09D1AF}.Release|x64.Build.0 = Release|x64
		{A5899BBF-A295-4E2A-874E-F51F5C09D1AF}.Release|x86.ActiveCfg = Release|Win32
		{A5899BBF-A295-4E2A-874E-F51F5C09D1AF}.Release|x86.Build.0 = Release|Win32
		{D4FEEE86-0563-41E5-A247-1F045AE59CDD}.Debug|x64.ActiveCfg = Debug|x64
		{D4FEEE86-0563-41E5-A247-1F045AE59CDD}.Debug|x64.Build.0 = Debug|x64
		{D4FEEE86-0563-41E5-A247-1F045AE59CDD}.Debug|x86.ActiveCfg = Debug|Win32
		{D4FEEE86-0563-41E5-A247-1F045AE59CDD}.Debug|x86.Build.0 = Debug|Win32
		{D4FEEE86-0563-41E5-A247-1F045AE59CDD}.Release|x64.ActiveCfg = Release|x64
		{D4FEEE86-0563-41E5-A247-1F045AE59CDD}.Release|x64.Build.0 = Release|x64
		{D4FEEE86-0563-41E5-A247-1F045AE59CDD}.Release|x86.ActiveCfg = Release|Win32
		{D4FEEE86-0563-41E5-A247-1F045AE59CDD}.Release|x86.Build.0 = Release|Win32
		{BAC8E0DC-80A8-4A75-8749-9E9CB9FE1E5B}.Debug|x64.ActiveCfg = Debug|x64
		{BAC8E0DC-80A8-4A75-8749-9E9CB9FE1E5B}.Debug|x64.Build.0 = Debug|x64
		{BAC8E0DC-80A8-4A75-8749-9E9CB9FE1E5B}.Debug|x86.ActiveCfg = Debug|Win32
		{BAC8E0DC-80A8-4A75-8749-9E9CB9FE1E5B}.Debug|x86.Build.0 = Debug|Win32
		{BAC8E0DC-80A8-4A75-8749-9E9CB9FE1E5B}.Release|x64.ActiveCfg = Release|x64
		{BAC8E0DC-80A8-4A75-8749-9E9CB9FE1E5B}.Release|x64.Build.0 = Release|x64
		{BAC8E0DC-80A8-4A75-8749-9E9CB9FE1E5B}.Release|x86.ActiveCfg = Release|Win32
		{BAC8E0DC-80A8-4A75-8749-9E9CB9FE1E5B}.Release|x86.Build.0 = Release|Win32
		{D1BDDD82-A49C-4BE6-8E98-DC1C99715999}.Debug|x64.ActiveCfg = Debug|x64
		{D1BDDD82-A49C-4BE6-8E98-DC1C99715999}.Debug|x64.Build.0 = Debug|x64
		{D1BDDD82-A49C-4BE6-8E98-DC1C99715999}.Debug|x86.ActiveCfg = Debug|Win32
		{D1BDDD82-A49C-4BE6-8E98-DC1C99715999}.Debug|x86.Build.0 = Debug|Win32
		{D1BDDD82-A49C-4BE6-8E98-DC1C99715999}.Release|x64.ActiveCfg = Release|x64
		{D1BDDD82-A49C-4BE6-8E98-DC1C99715999}.Release|x64.Build.0 = Release|x64
		{D1BDDD82-A49C-4BE6-8E98-DC1C99715999}.Release|x86.ActiveCfg = Release|Win32
		{D1BDDD82-A49C-4BE6-8E98-DC1C99715999}.Release|x86.Build.0 = Release|Win32
		{C332B633-D995-4401-80D4-AD143457926E}.Debug|x64.ActiveCfg = Debug|x64
		{C332B633-D995-4401-80D4-AD143457926E}.Debug|x64.Build.0 = Debug|x64
		{C332B633-D995-4401-80D4-AD143457926E}.Debug|x86.ActiveCfg = Debug|Win32
		{C332B633-D995-4401-80D4-AD143457926E}.Debug|x86.Build.0 = Debug|Win32
		{C332B633-D995-4401-80D4-AD143457926E}.Release|x64.ActiveCfg = Release|x64
		{C332B633-D995-4401-80D4-AD143457926E}.Release|x64.Build.0 = Release|x64
		{C332B633-D995-4401-80D4-AD143457926E}.Release|x86.ActiveCfg = Release|Win32
		{C332B633-D995-4401-80D4-AD143457926E}.Release|x86.Build.0 = Release|Win32
		{D44EE46A-2D07-43FC-ACA7-63165840D857}.Debug|x64.ActiveCfg = Debug|x64
		{D44EE46A-2D07-43FC-ACA7-63165840D857}.Debug|x64.Build.0 = Debug|x64
		{D44EE46A-2D07-43FC-ACA7-63165840D857}.Debug|x86.ActiveCfg = Debug|Win32
		{D44EE46A-2D07-43FC-ACA7-63165840D857}.Debug|x86.Build.0 = Debug|Win32
		{D44EE46A-2D07-43FC-ACA7-63165840D857}.Release|x64.ActiveCfg = Release|x64
		{D44EE46A-2D07-43FC-ACA7-63165840D857}.Release|x64.Build.0 = Release|x64
		{D44EE46A-2D07-43FC-ACA7-63165840D857}.Release|x86.ActiveCfg = Release|Win32
		{D44EE46A-2D07-43FC-ACA7-63165840D857}.Release|x86.Build.0 = Release|Win32
		{17085DE9-C229-4FFB-BE50-910F7F535497}.Debug|x64.ActiveCfg = Debug|x64
		{17085DE9-C229-4FFB-BE50-910F7F535497}.Debug|x64.Build.0 = Debug|x64
		{17085DE9-C229-4FFB-BE50-910F7F535497}.Debug|x86.ActiveCfg = Debug|Win32
		{17085DE9-C229-4FFB-BE50-910F7F535497}.Debug|x86.Build.0 = Debug|Win32
		{17085DE9-C229-4FFB-BE50-910F7F535497}.Release|x64.ActiveCfg = Release|x64
		{17085DE9-C229-4FFB-BE50-910F7F535497}.Release|x64.Build.0 = Release|x64
		{17085DE9-C229-4FFB-BE50-910F7F535497}.Release|x86.ActiveCfg = Release|Win32
		{17085DE9-C229-4FFB-BE50-910F7F535497}.Release|x86.Build.0 = Release|Win32
		{3995B10F-1E4A-4F61-82CD-8CB2E1ABD5CE}.Debug|x64.ActiveCfg = Debug|x64
		{3995B10F-1E4A-4F61-82CD-8CB2E1ABD5CE}.Debug|x64.Build.0 = Debug|x64
		{3995B10F-1E4A-4F61-82CD-8CB2E1ABD5CE}.Debug|x86.ActiveCfg = Debug|Win32
		{3995B10F-1E4A-4F61-82CD-8CB2E1ABD5CE}.Debug|x86.Build.0 = Debug|Win32
		{3995B10F-1E4A-4F61-82CD-8CB2E1ABD5CE}.Release|x64.ActiveCfg = Release|x64
		{3995B10F-1E4A-4F61-82CD-8CB2E1ABD5CE}.Release|x64.Build.0 = Release|x64
		{3995B10F-1E4A-4F61-82CD-8CB2E1ABD5CE}.Release|x86.ActiveCfg = Release|Win32
		{3995B10F-1E4A-4F61-82CD-8CB2E1ABD5CE}.Release|x86.Build.0 = Release|Win32
		{EA0256F1-0398-4AED-B43A-414C5CCD4C39}.Debug|x64.ActiveCfg = Debug|x64
		{EA0256F1-0398-4AED-B43A-414C5CCD4C39}.Debug|x64.Build.0 = Debug|x64
		{EA0256F1-0398-4AED-B43A-414C5CCD4C39}.Debug|x86.ActiveCfg = Debug|Win32
		{EA0256F1-0398-4AED-B43A-414C5CCD4C39}.Debug|x86.Build.0 = Debug|Win32
		{EA0256F1-0398-4AED-B43A-414C5CCD4C39}.Release|x64.ActiveCfg = Release|x64
		{EA0256F1-0398-4AED-B43A-414C5CCD4C39}.Release|x64.Build.0 = Release|x64
		{EA0256F1-0398-4AED-B43A-414C5CCD4C39}.Release|x86.ActiveCfg = Release|Win32
		{EA0256F1-0398-4AED-B43A-414C5CCD4C39}.Release|x86.Build.0 = Release|Win32
		{D1C1CCE1-BC4E-4363-9A7B-84BA51CF7A5B}.Debug|x64.ActiveCfg = Debug|x64
		{D1C1CCE1-BC4E-4363-9A7B-84BA51CF7A5B}.Debug|x64.Build.0 = Debug|x64
		{D1C1CCE1-BC4E-4363-9A7B-84BA51CF7A5B}.Debug|x86.ActiveCfg = Debug|Win32
		{D1C1CCE1-BC4E-4363-9A7B-84BA51CF7A5B}.Debug|x86.Build.0 = Debug|Win32
		{D1C1CCE1-BC4E-4363-9A7B-84BA51CF7A5B}.Release|x64.ActiveCfg = Release|x64
		{D1C1CCE1-BC4E-4363-9A7B-84BA51CF7A5B}.Release|x64.Build.0 = Release|x64
		{D1C1CCE1-BC4E-4363-9A7B-84BA51CF7A5B}.Release|x86.ActiveCfg = Release|Win32
		{D1C1CCE1-BC4E-4363-9A7B-84BA51CF7A5B}.Release|x86.Build.0 = Release|Win32
		{11080666-987F-48AD-985B-4420BBE682F7}.Debug|x64.ActiveCfg = Debug|x64
		{11080666-987F-48AD-985B-4420BBE682F7}.Debug|x64.Build.0 = Debug|x64
		{11080666-987F-48AD-985B-4420BBE682F7}.Debug|x86.ActiveCfg = Debug|Win32
		{11080666-987F-48AD-985B-4420BBE682F7}.Debug|x86.Build.0 = Debug|Win32
		{11080666-987F-48AD-985B-4420BBE682F7}.Release|x64.ActiveCfg = Release|x64
		{11080666-987F-48AD-985B-4420BBE682F7}.Release|x64.Build.0 = Release|x64
		{11080666-987F-48AD-985B-4420BBE682F7}.Release|x86.ActiveCfg = Release|Win32
		{11080666-987F-48AD-985B-4420BBE682F7}.Release|x86.Build.0 = Release|Win32
		{A954C7FA-F1BB-46D7-B3BC-38FF0C6A490F}.Debug|x64.ActiveCfg = Debug|x64
		{A954C7FA-F1BB-46D7-B3BC-38FF0C6A490F}.Debug|x64.Build.0 = Debug|x64
		{A954C7FA-F1BB-46D7-B3BC-38FF0C6A490F}.Debug|x86.ActiveCfg = Debug|Win32
		{A954C7FA-F1BB-46D7-B3BC-38FF0C6A490F}.Debug|x86.Build.0 = Debug|Win32
		{A954C7FA-F1BB-46D7-B3BC-38FF0C6A490F}.Release|x64.ActiveCfg = Release|x64
		{A954C7FA-F1BB-46D7-B3BC-38FF0C6A490F}.Release|x64.Build.0 = Release|x64
		{A954C7FA-F1BB-46D7-B3BC-38FF0C6A490F}.Release|x86.ActiveCfg = Release|Win32
		{A954C7FA-F1BB-46D7-B3BC-38FF0C6A490F}.Release|x86.Build.0 = Release|Win32
		{F45FECA6-6E92-42DE-86EA-FAA0523C3EA2}.Debug|x64.ActiveCfg = Debug|x64
		{F45FECA6-6E92-42DE-86EA-FAA0523C3EA2}.Debug|x64.Build.0 = Debug|x64
		{F45FECA6-6E92-42DE-86EA-FAA0523C3EA2}.Debug|x86.ActiveCfg = Debug|Win32
		{F45FECA6-6E92-42DE-86EA-FAA0523C3EA2}.Debug|x86.Build.0 = Debug|Win32
		{F45FECA6-6E92-42DE-86EA-FAA0523C3EA2}.Release|x64.ActiveCfg = Release|x64
		{F45FECA6-6E92-42DE-86EA-FAA0523C3EA2}.Release|x64.Build.0 = Release|x64
		{F45FECA6-6E92-42DE-86EA-FAA0523C3EA2}.Release|x86.ActiveCfg = Release|Win32
		{F45FECA6-6E92-42DE-86EA-FAA0523C3EA2}.Release|x86.Build.0 = Release|Win32
		{7739ADF1-19F0-4731-91E3-AF0DD7D078CF}.Debug|x64.ActiveCfg = Debug|x64
		{7739ADF1-19F0-4731-91E3-AF0DD7D078CF}.Debug|x64.Build.0 = Debug|x64
		{7739ADF1-19F0-4731-91E3-AF0DD7D078CF}.Debug|x86.ActiveCfg = Debug|Win32
		{7739ADF1-19F0-4731-91E3-AF0DD7D078CF}.Debug|x86.Build.0 = Debug|Win32
		{7739ADF1-19F0-4731-91E3-AF0DD7D078CF}.Release|x64.ActiveCfg = Release|x64
		{7739ADF1-19F0-4731-91E3-AF0DD7D078CF}.Release|x64.Build.0 = Release|x64
		{7739ADF1-19F0-4731-91E3-AF0DD7D078CF}.Release|x86.ActiveCfg = Release|Win32
		{7739ADF1-19F0-4731-91E3-AF0DD7D078CF}.Release|x86.Build.0 = Release|Win32
		{8988E9BE-82EF-47AC-B577-8FAD116E730F}.Debug|x64.ActiveCfg = Debug|x64
		{8988E9BE-82EF-47AC-B577-8FAD116E730F}.Debug|x64.Build.0 = Debug|x64
		{8988E9BE-82EF-47AC-B577-8FAD116E730F}.Debug|x86.ActiveCfg = Debug|Win32
		{8988E9BE-82EF-47AC-B577-8FAD116E730F}.Debug|x86.Build.0 = Debug|Win32
		{8988E9BE-82EF-47AC-B577-8FAD116E730F}.Release|x64.ActiveCfg = Release|x64
		{8988E9BE-82EF-47AC-B577-8FAD116E730F}.Release|x64.Build.0 = Release|x64
		{8988E9BE-82EF-47AC-B577-8FAD116E730F}.Release|x86.ActiveCfg = Release|Win32
		{8988E9BE-82EF-47AC-B577-8FAD116E730F}.Release|x86.Build.0 = Release|Win32
		{DF15F8E2-00BB-4C90-95FB-17FA83BC9768}.Debug|x64.ActiveCfg = Debug|x64
		{DF15F8E2-00BB-4C90-95FB-17FA83BC9768}.Debug|x64.Build.0 = Debug|x64
		{DF15F8E2-00BB-4C90-95FB-17FA83BC9768}.Debug|x86.ActiveCfg = Debug|Win32
		{DF15F8E2-00BB-4C90-95FB-17FA83BC9768}.Debug|x86.Build.0 = Debug|Win32
		{DF15F8E2-00BB-4C90-95FB-17FA83BC9768}.Release|x64.ActiveCfg = Release|x64
		{DF15F8E2-00BB-4C90-95FB-17FA83BC9768}.Release|x64.Build.0 = Release|x64
		{DF15F8E2-00BB-4C90-95FB-17FA83BC9768}.Release|x86.ActiveCfg = Release|Win32
		{DF15F8E2-00BB-4C90-95FB-17FA83BC9768}.Release|x86.Build.0 = Release|Win32
		{72A8DCC3-2D3B-4681-8DF1-7F83931BAAA0}.Debug|x64.ActiveCfg = Debug|x64
		{72A8DCC3-2D3B-4681-8DF1-7F83931BAAA0}.Debug|x64.Build.0 = Debug|x64
		{72A8DCC3-2D3B-4681-8DF1-7F83931BAAA0}.Debug|x86.ActiveCfg = Debug|Win32
		{72A8DCC3-2D3B-4681-8DF1-7F83931BAAA0}.Debug|x86.Build.0 = Debug|Win32
		{72A8DCC3-2D3B-4681-8DF1-7F83931BAAA0}.Release|x64.ActiveCfg = Release|x64
		{72A8DCC3-2D3B-4681-8DF1-7F83931BAAA0}.Release|x64.Build.0 = Release|x64
		{72A8DCC3-2D3B-4681-8DF1-7F83931BAAA0}.Release|x86.ActiveCfg = Release|Win32
		{72A8DCC3-2D3B-4681-8DF1-7F83931BAAA0}.Release|x86.Build.0 = Release|Win32
		{D5CFF3CE-B16B-455F-8495-3244D9105A30}.Debug|x64.ActiveCfg = Debug|x64
		{D5CFF3CE-B16B-455F-8495-3244D9105A30}.Debug|x64.Build.0 = Debug|x64
		{D5CFF3CE-B16B-455F-8495-3244D9105A30}.Debug|x86.ActiveCfg = Debug|Win32
		{D5CFF3CE-B16B-455F-8495-3244D9105A30}.Debug|x86.Build.0 = Debug|Win32
		{D5CFF3CE-B16B-455F-8495-3244D9105A30}.Release|x64.ActiveCfg = Release|x64
		{D5CFF3CE-B16B-455F-8495-3244D9105A30}.Release|x64.Build.0 = Release|x64
		{D5CFF3CE-B16B-455F-8495-3244D9105A30}.Release|x86.ActiveCfg = Release|Win32
		{D5CFF3CE-B16B-455F-8495-3244D9105A30}.Release|x86.Build.0 = Release|Win32
		{18ED454E-FC84-44E5-AB7E-53131BF5595A}.Debug|x64.ActiveCfg = Debug|x64
		{18ED454E-FC84-44E5-AB7E-53131BF5595A}.Debug|x64.Build.0 = Debug|x64
		{18ED454E-FC84-44E5-AB7E-53131BF5595A}.Debug|x86.ActiveCfg = Debug|Win32
		{18ED454E-FC84-44E5-AB7E-53131BF5595A}.Debug|x86.Build.0 = Debug|Win32
		{18ED454E-FC84-44E5-AB7E-53131BF5595A}.Release|x64.ActiveCfg = Release|x64
		{18ED454E-FC84-44E5-AB7E-53131BF5595A}.Release|x64.Build.0 = Release|x64
		{18ED454E-FC84-44E5-AB7E-53131BF5595A}.Release|x86.ActiveCfg = Release|Win32
		{18ED454E-FC84-44E5-AB7E-53131BF5595A}.Release|x86.Build.0 = Release|Win32
	EndGlobalSection
	GlobalSection(SolutionProperties) = preSolution
		HideSolutionNode = FALSE
	EndGlobalSection
	GlobalSection(ExtensibilityGlobals) = postSolution
		SolutionGuid = {A85132D0-9E62-48D5-AE58-68E64F4172DD}
	EndGlobalSection
EndGlobal
