
Microsoft Visual Studio Solution File, Format Version 12.00
# Visual Studio Version 16
VisualStudioVersion = 16.0.29806.167
MinimumVisualStudioVersion = 10.0.40219.1
Project("{8BC9CEB8-8B4A-11D0-8D11-00A0C91BC942}") = "1 - 跟我的第一個程式說 Hello", "1 - 跟我的第一個程式說 Hello\1 - 跟我的第一個程式說 Hello.vcxproj", "{E2B2DD3D-26B6-494D-8751-F1EAF3D6EF9F}"
EndProject
Project("{8BC9CEB8-8B4A-11D0-8D11-00A0C91BC942}") = "1.1 - 字元的跳脫", "1.1 - 字元的跳脫\1.1 - 字元的跳脫.vcxproj", "{620471FD-C9A3-43C1-BB76-9B9B26D2BD95}"
EndProject
Project("{8BC9CEB8-8B4A-11D0-8D11-00A0C91BC942}") = "1.2 - 簡單的文字圖形練習", "1.2 - 簡單的文字圖形練習\1.2 - 簡單的文字圖形練習.vcxproj", "{5C878572-3AE1-46CE-9CE8-88AE9C455D50}"
EndProject
Project("{8BC9CEB8-8B4A-11D0-8D11-00A0C91BC942}") = "1.3 - 求兩個數字的和練習", "1.3 - 求兩個數字的和練習\1.3 - 求兩個數字的和練習.vcxproj", "{A5CF61AE-6EC2-4536-B595-9DF388BE5295}"
EndProject
Project("{8BC9CEB8-8B4A-11D0-8D11-00A0C91BC942}") = "1.4 - 算三個數字的和練習", "1.4 - 算三個數字的和練習\1.4 - 算三個數字的和練習.vcxproj", "{DD068959-75AE-4878-9B63-EFE63C7D39AD}"
EndProject
Project("{8BC9CEB8-8B4A-11D0-8D11-00A0C91BC942}") = "1.5 - 程式寫作風格初探", "1.5 - 程式寫作風格初探\1.5 - 程式寫作風格初探.vcxproj", "{5AD3C2D2-723A-4EFC-B9C2-AAD6C32A441E}"
EndProject
Project("{8BC9CEB8-8B4A-11D0-8D11-00A0C91BC942}") = "1.6 - 數值交換", "1.6 - 數值交換\1.6 - 數值交換.vcxproj", "{953658B0-FAA2-40AD-9DA5-10C821E7C2CF}"
EndProject
Project("{8BC9CEB8-8B4A-11D0-8D11-00A0C91BC942}") = "2 - 資料型別簡介", "2 - 資料型別簡介\2 - 資料型別簡介.vcxproj", "{A29901ED-2619-4AAF-85CB-0820B3DE689D}"
EndProject
Project("{8BC9CEB8-8B4A-11D0-8D11-00A0C91BC942}") = "2.1 - 整數型別簡介", "2.1 - 整數型別簡介\2.1 - 整數型別簡介.vcxproj", "{24128A58-5A66-431B-B17B-DFE4F329168B}"
EndProject
Project("{8BC9CEB8-8B4A-11D0-8D11-00A0C91BC942}") = "2.2 - 浮點數型別簡介", "2.2 - 浮點數型別簡介\2.2 - 浮點數型別簡介.vcxproj", "{4B015579-4A33-481A-B4CA-2B601C2F58CA}"
EndProject
Project("{8BC9CEB8-8B4A-11D0-8D11-00A0C91BC942}") = "2.3 - 將 printf 或 scanf 用在不同資料型別", "2.3 - 將 printf 或 scanf 用在不同資料型別\2.3 - 將 printf 或 scanf 用在不同資料型別.vcxproj", "{CBF5AE4E-C990-4DF2-B70F-43D787A290D0}"
EndProject
Project("{8BC9CEB8-8B4A-11D0-8D11-00A0C91BC942}") = "2.4 - 整數與浮點數型別間的轉換", "2.4 - 整數與浮點數型別間的轉換\2.4 - 整數與浮點數型別間的轉換.vcxproj", "{3F21C0D5-906D-40A9-A5B6-93E2779D3052}"
EndProject
Project("{8BC9CEB8-8B4A-11D0-8D11-00A0C91BC942}") = "2.5 - 字元型別簡介", "2.5 - 字元型別簡介\2.5 - 字元型別簡介.vcxproj", "{55F7586E-5FF1-4B1B-94AC-FE11624C7A31}"
EndProject
Project("{8BC9CEB8-8B4A-11D0-8D11-00A0C91BC942}") = "2.6 - 字元編碼簡介", "2.6 - 字元編碼簡介\2.6 - 字元編碼簡介.vcxproj", "{059EA5F2-2DF7-4F8D-9F40-270BB9B64E83}"
EndProject
Project("{8BC9CEB8-8B4A-11D0-8D11-00A0C91BC942}") = "2.7 - 使用 char 字元型別", "2.7 - 使用 char 字元型別\2.7 - 使用 char 字元型別.vcxproj", "{A2E3E24C-A3EB-474B-9C45-BA0FABB29CA6}"
EndProject
Project("{8BC9CEB8-8B4A-11D0-8D11-00A0C91BC942}") = "2.8 - 怎麼對 char 型別做運算", "2.8 - 怎麼對 char 型別做運算\2.8 - 怎麼對 char 型別做運算.vcxproj", "{1D289063-82DB-4A0A-BF56-CBBFB3D78083}"
EndProject
Project("{8BC9CEB8-8B4A-11D0-8D11-00A0C91BC942}") = "2.9 - 字元大小寫轉換練習", "2.9 - 字元大小寫轉換練習\2.9 - 字元大小寫轉換練習.vcxproj", "{6667C281-3167-4370-80A0-3CC8A441641A}"
EndProject
Project("{8BC9CEB8-8B4A-11D0-8D11-00A0C91BC942}") = "2.10 - 怎麼選擇要使用的型別", "2.10 - 怎麼選擇要使用的型別\2.10 - 怎麼選擇要使用的型別.vcxproj", "{04C7C220-3B7E-4F2C-99CE-5AFA1DE41A1D}"
EndProject
Project("{8BC9CEB8-8B4A-11D0-8D11-00A0C91BC942}") = "3 - 運算與表示式", "3 - 運算與表示式\3 - 運算與表示式.vcxproj", "{B7375C8B-D9E7-4DB3-BEFF-4B77517892A7}"
EndProject
Project("{8BC9CEB8-8B4A-11D0-8D11-00A0C91BC942}") = "3.1 - 整數與浮點數的算術運算", "3.1 - 整數與浮點數的算術運算\3.1 - 整數與浮點數的算術運算.vcxproj", "{BDD86C1C-6F06-417A-916D-09B3A0191170}"
EndProject
Project("{8BC9CEB8-8B4A-11D0-8D11-00A0C91BC942}") = "3.2 - 賦值運算", "3.2 - 賦值運算\3.2 - 賦值運算.vcxproj", "{6A28B5C6-CC0C-475C-853B-2B0010FF754D}"
EndProject
Project("{8BC9CEB8-8B4A-11D0-8D11-00A0C91BC942}") = "3.3 - 怎麼表示是非對錯？", "3.3 - 怎麼表示是非對錯？\3.3 - 怎麼表示是非對錯？.vcxproj", "{364A35C4-3695-4286-ACB5-E9AC807B6FBC}"
EndProject
Project("{8BC9CEB8-8B4A-11D0-8D11-00A0C91BC942}") = "3.4 - 關係運算", "3.4 - 關係運算\3.4 - 關係運算.vcxproj", "{CA802D25-1D9D-43CE-ADA7-9C1D6BFAAA67}"
EndProject
Project("{8BC9CEB8-8B4A-11D0-8D11-00A0C91BC942}") = "3.5 - 邏輯運算", "3.5 - 邏輯運算\3.5 - 邏輯運算.vcxproj", "{C70F8107-487E-4C4F-AE8F-261E0B637EE5}"
EndProject
Project("{8BC9CEB8-8B4A-11D0-8D11-00A0C91BC942}") = "3.6 - 運算子的優先順序", "3.6 - 運算子的優先順序\3.6 - 運算子的優先順序.vcxproj", "{76CFC144-D1C1-4663-90B4-B7F728CCEC6E}"
EndProject
Project("{8BC9CEB8-8B4A-11D0-8D11-00A0C91BC942}") = "4 - 程式流程控制", "4 - 程式流程控制\4 - 程式流程控制.vcxproj", "{C8DC31FD-DFF5-44D9-9DA4-FECE3B8195E8}"
EndProject
Project("{8BC9CEB8-8B4A-11D0-8D11-00A0C91BC942}") = "4.1 - 有條件的執行 (if 述句)", "4.1 - 有條件的執行 (if 述句)\4.1 - 有條件的執行 (if 述句).vcxproj", "{E0140292-8B27-4A4D-A301-ECB4CB11060D}"
EndProject
Project("{8BC9CEB8-8B4A-11D0-8D11-00A0C91BC942}") = "4.2 - 猜數字 (使用 if 述句)", "4.2 - 猜數字 (使用 if 述句)\4.2 - 猜數字 (使用 if 述句).vcxproj", "{2E43169E-EC6F-4123-96F2-C77365550185}"
EndProject
Project("{8BC9CEB8-8B4A-11D0-8D11-00A0C91BC942}") = "4.3 - 滿額折扣計算練習 (使用 if 述句)", "4.3 - 滿額折扣計算練習 (使用 if 述句)\4.3 - 滿額折扣計算練習 (使用 if 述句).vcxproj", "{F49DE7FA-1033-4191-BDE4-8C3F37F6F06E}"
EndProject
Project("{8BC9CEB8-8B4A-11D0-8D11-00A0C91BC942}") = "4.4 - 正三角形判斷練習 (使用 if 述句)", "4.4 - 正三角形判斷練習 (使用 if 述句)\4.4 - 正三角形判斷練習 (使用 if 述句).vcxproj", "{59179568-63E0-4EBC-B723-9B53EC08E355}"
EndProject
Project("{8BC9CEB8-8B4A-11D0-8D11-00A0C91BC942}") = "4.5 - 等腰三角形判斷練習 (使用 if 述句)", "4.5 - 等腰三角形判斷練習 (使用 if 述句)\4.5 - 等腰三角形判斷練習 (使用 if 述句).vcxproj", "{673E76AF-B28F-4B0C-8202-8DEDBCF64591}"
EndProject
Project("{8BC9CEB8-8B4A-11D0-8D11-00A0C91BC942}") = "4.6 - 直角三角形的判斷練習 (使用 if 述句)", "4.6 - 直角三角形的判斷練習 (使用 if 述句)\4.6 - 直角三角形的判斷練習 (使用 if 述句).vcxproj", "{A43CDB26-B00C-4A26-9E3C-16A9A62C64A3}"
EndProject
Project("{8BC9CEB8-8B4A-11D0-8D11-00A0C91BC942}") = "4.7 - 三角形種類判斷練習 (使用 if 述句)", "4.7 - 三角形種類判斷練習 (使用 if 述句)\4.7 - 三角形種類判斷練習 (使用 if 述句).vcxproj", "{4DC4A163-2E26-4D34-8C5A-AF32BED9BB5B}"
EndProject
Project("{8BC9CEB8-8B4A-11D0-8D11-00A0C91BC942}") = "4.8 - 三角形種類判斷的條件簡化", "4.8 - 三角形種類判斷的條件簡化\4.8 - 三角形種類判斷的條件簡化.vcxproj", "{CEA0D177-A44D-4FFB-8905-7B3FE6152386}"
EndProject
Project("{8BC9CEB8-8B4A-11D0-8D11-00A0C91BC942}") = "5.1 - 對兩個變數求最大值 (使用 if 述句)", "5.1 - 對兩個變數求最大值 (使用 if 述句)\5.1 - 對兩個變數求最大值 (使用 if 述句).vcxproj", "{DA3E48B0-A6CA-4CD8-A91A-4436B148B62A}"
EndProject
Project("{8BC9CEB8-8B4A-11D0-8D11-00A0C91BC942}") = "5.2 - 對三個變數求最大值的練習 (使用 if 述句)", "5.2 - 對三個變數求最大值的練習 (使用 if 述句)\5.2 - 對三個變數求最大值的練習 (使用 if 述句).vcxproj", "{64034707-EA6B-4D7D-94A6-7F61C7DC71F6}"
EndProject
Project("{8BC9CEB8-8B4A-11D0-8D11-00A0C91BC942}") = "5.3 - 對四個變數求最大值的練習 (使用 if 述句)", "5.3 - 對四個變數求最大值的練習 (使用 if 述句)\5.3 - 對四個變數求最大值的練習 (使用 if 述句).vcxproj", "{F0B0A022-F65A-4D06-9EB7-273A979C2378}"
EndProject
Project("{8BC9CEB8-8B4A-11D0-8D11-00A0C91BC942}") = "5.4 - 對多個變數求最小值的練習 (使用 if 述句)", "5.4 - 對多個變數求最小值的練習 (使用 if 述句)\5.4 - 對多個變數求最小值的練習 (使用 if 述句).vcxproj", "{E3C3A460-C8A7-42B0-BC6A-67B1A32AD2D2}"
EndProject
Global
	GlobalSection(SolutionConfigurationPlatforms) = preSolution
		Debug|x64 = Debug|x64
		Debug|x86 = Debug|x86
		Release|x64 = Release|x64
		Release|x86 = Release|x86
	EndGlobalSection
	GlobalSection(ProjectConfigurationPlatforms) = postSolution
		{E2B2DD3D-26B6-494D-8751-F1EAF3D6EF9F}.Debug|x64.ActiveCfg = Debug|x64
		{E2B2DD3D-26B6-494D-8751-F1EAF3D6EF9F}.Debug|x64.Build.0 = Debug|x64
		{E2B2DD3D-26B6-494D-8751-F1EAF3D6EF9F}.Debug|x86.ActiveCfg = Debug|Win32
		{E2B2DD3D-26B6-494D-8751-F1EAF3D6EF9F}.Debug|x86.Build.0 = Debug|Win32
		{E2B2DD3D-26B6-494D-8751-F1EAF3D6EF9F}.Release|x64.ActiveCfg = Release|x64
		{E2B2DD3D-26B6-494D-8751-F1EAF3D6EF9F}.Release|x64.Build.0 = Release|x64
		{E2B2DD3D-26B6-494D-8751-F1EAF3D6EF9F}.Release|x86.ActiveCfg = Release|Win32
		{E2B2DD3D-26B6-494D-8751-F1EAF3D6EF9F}.Release|x86.Build.0 = Release|Win32
		{620471FD-C9A3-43C1-BB76-9B9B26D2BD95}.Debug|x64.ActiveCfg = Debug|x64
		{620471FD-C9A3-43C1-BB76-9B9B26D2BD95}.Debug|x64.Build.0 = Debug|x64
		{620471FD-C9A3-43C1-BB76-9B9B26D2BD95}.Debug|x86.ActiveCfg = Debug|Win32
		{620471FD-C9A3-43C1-BB76-9B9B26D2BD95}.Debug|x86.Build.0 = Debug|Win32
		{620471FD-C9A3-43C1-BB76-9B9B26D2BD95}.Release|x64.ActiveCfg = Release|x64
		{620471FD-C9A3-43C1-BB76-9B9B26D2BD95}.Release|x64.Build.0 = Release|x64
		{620471FD-C9A3-43C1-BB76-9B9B26D2BD95}.Release|x86.ActiveCfg = Release|Win32
		{620471FD-C9A3-43C1-BB76-9B9B26D2BD95}.Release|x86.Build.0 = Release|Win32
		{5C878572-3AE1-46CE-9CE8-88AE9C455D50}.Debug|x64.ActiveCfg = Debug|x64
		{5C878572-3AE1-46CE-9CE8-88AE9C455D50}.Debug|x64.Build.0 = Debug|x64
		{5C878572-3AE1-46CE-9CE8-88AE9C455D50}.Debug|x86.ActiveCfg = Debug|Win32
		{5C878572-3AE1-46CE-9CE8-88AE9C455D50}.Debug|x86.Build.0 = Debug|Win32
		{5C878572-3AE1-46CE-9CE8-88AE9C455D50}.Release|x64.ActiveCfg = Release|x64
		{5C878572-3AE1-46CE-9CE8-88AE9C455D50}.Release|x64.Build.0 = Release|x64
		{5C878572-3AE1-46CE-9CE8-88AE9C455D50}.Release|x86.ActiveCfg = Release|Win32
		{5C878572-3AE1-46CE-9CE8-88AE9C455D50}.Release|x86.Build.0 = Release|Win32
		{A5CF61AE-6EC2-4536-B595-9DF388BE5295}.Debug|x64.ActiveCfg = Debug|x64
		{A5CF61AE-6EC2-4536-B595-9DF388BE5295}.Debug|x64.Build.0 = Debug|x64
		{A5CF61AE-6EC2-4536-B595-9DF388BE5295}.Debug|x86.ActiveCfg = Debug|Win32
		{A5CF61AE-6EC2-4536-B595-9DF388BE5295}.Debug|x86.Build.0 = Debug|Win32
		{A5CF61AE-6EC2-4536-B595-9DF388BE5295}.Release|x64.ActiveCfg = Release|x64
		{A5CF61AE-6EC2-4536-B595-9DF388BE5295}.Release|x64.Build.0 = Release|x64
		{A5CF61AE-6EC2-4536-B595-9DF388BE5295}.Release|x86.ActiveCfg = Release|Win32
		{A5CF61AE-6EC2-4536-B595-9DF388BE5295}.Release|x86.Build.0 = Release|Win32
		{DD068959-75AE-4878-9B63-EFE63C7D39AD}.Debug|x64.ActiveCfg = Debug|x64
		{DD068959-75AE-4878-9B63-EFE63C7D39AD}.Debug|x64.Build.0 = Debug|x64
		{DD068959-75AE-4878-9B63-EFE63C7D39AD}.Debug|x86.ActiveCfg = Debug|Win32
		{DD068959-75AE-4878-9B63-EFE63C7D39AD}.Debug|x86.Build.0 = Debug|Win32
		{DD068959-75AE-4878-9B63-EFE63C7D39AD}.Release|x64.ActiveCfg = Release|x64
		{DD068959-75AE-4878-9B63-EFE63C7D39AD}.Release|x64.Build.0 = Release|x64
		{DD068959-75AE-4878-9B63-EFE63C7D39AD}.Release|x86.ActiveCfg = Release|Win32
		{DD068959-75AE-4878-9B63-EFE63C7D39AD}.Release|x86.Build.0 = Release|Win32
		{5AD3C2D2-723A-4EFC-B9C2-AAD6C32A441E}.Debug|x64.ActiveCfg = Debug|x64
		{5AD3C2D2-723A-4EFC-B9C2-AAD6C32A441E}.Debug|x64.Build.0 = Debug|x64
		{5AD3C2D2-723A-4EFC-B9C2-AAD6C32A441E}.Debug|x86.ActiveCfg = Debug|Win32
		{5AD3C2D2-723A-4EFC-B9C2-AAD6C32A441E}.Debug|x86.Build.0 = Debug|Win32
		{5AD3C2D2-723A-4EFC-B9C2-AAD6C32A441E}.Release|x64.ActiveCfg = Release|x64
		{5AD3C2D2-723A-4EFC-B9C2-AAD6C32A441E}.Release|x64.Build.0 = Release|x64
		{5AD3C2D2-723A-4EFC-B9C2-AAD6C32A441E}.Release|x86.ActiveCfg = Release|Win32
		{5AD3C2D2-723A-4EFC-B9C2-AAD6C32A441E}.Release|x86.Build.0 = Release|Win32
		{953658B0-FAA2-40AD-9DA5-10C821E7C2CF}.Debug|x64.ActiveCfg = Debug|x64
		{953658B0-FAA2-40AD-9DA5-10C821E7C2CF}.Debug|x64.Build.0 = Debug|x64
		{953658B0-FAA2-40AD-9DA5-10C821E7C2CF}.Debug|x86.ActiveCfg = Debug|Win32
		{953658B0-FAA2-40AD-9DA5-10C821E7C2CF}.Debug|x86.Build.0 = Debug|Win32
		{953658B0-FAA2-40AD-9DA5-10C821E7C2CF}.Release|x64.ActiveCfg = Release|x64
		{953658B0-FAA2-40AD-9DA5-10C821E7C2CF}.Release|x64.Build.0 = Release|x64
		{953658B0-FAA2-40AD-9DA5-10C821E7C2CF}.Release|x86.ActiveCfg = Release|Win32
		{953658B0-FAA2-40AD-9DA5-10C821E7C2CF}.Release|x86.Build.0 = Release|Win32
		{A29901ED-2619-4AAF-85CB-0820B3DE689D}.Debug|x64.ActiveCfg = Debug|x64
		{A29901ED-2619-4AAF-85CB-0820B3DE689D}.Debug|x64.Build.0 = Debug|x64
		{A29901ED-2619-4AAF-85CB-0820B3DE689D}.Debug|x86.ActiveCfg = Debug|Win32
		{A29901ED-2619-4AAF-85CB-0820B3DE689D}.Debug|x86.Build.0 = Debug|Win32
		{A29901ED-2619-4AAF-85CB-0820B3DE689D}.Release|x64.ActiveCfg = Release|x64
		{A29901ED-2619-4AAF-85CB-0820B3DE689D}.Release|x64.Build.0 = Release|x64
		{A29901ED-2619-4AAF-85CB-0820B3DE689D}.Release|x86.ActiveCfg = Release|Win32
		{A29901ED-2619-4AAF-85CB-0820B3DE689D}.Release|x86.Build.0 = Release|Win32
		{24128A58-5A66-431B-B17B-DFE4F329168B}.Debug|x64.ActiveCfg = Debug|x64
		{24128A58-5A66-431B-B17B-DFE4F329168B}.Debug|x64.Build.0 = Debug|x64
		{24128A58-5A66-431B-B17B-DFE4F329168B}.Debug|x86.ActiveCfg = Debug|Win32
		{24128A58-5A66-431B-B17B-DFE4F329168B}.Debug|x86.Build.0 = Debug|Win32
		{24128A58-5A66-431B-B17B-DFE4F329168B}.Release|x64.ActiveCfg = Release|x64
		{24128A58-5A66-431B-B17B-DFE4F329168B}.Release|x64.Build.0 = Release|x64
		{24128A58-5A66-431B-B17B-DFE4F329168B}.Release|x86.ActiveCfg = Release|Win32
		{24128A58-5A66-431B-B17B-DFE4F329168B}.Release|x86.Build.0 = Release|Win32
		{4B015579-4A33-481A-B4CA-2B601C2F58CA}.Debug|x64.ActiveCfg = Debug|x64
		{4B015579-4A33-481A-B4CA-2B601C2F58CA}.Debug|x64.Build.0 = Debug|x64
		{4B015579-4A33-481A-B4CA-2B601C2F58CA}.Debug|x86.ActiveCfg = Debug|Win32
		{4B015579-4A33-481A-B4CA-2B601C2F58CA}.Debug|x86.Build.0 = Debug|Win32
		{4B015579-4A33-481A-B4CA-2B601C2F58CA}.Release|x64.ActiveCfg = Release|x64
		{4B015579-4A33-481A-B4CA-2B601C2F58CA}.Release|x64.Build.0 = Release|x64
		{4B015579-4A33-481A-B4CA-2B601C2F58CA}.Release|x86.ActiveCfg = Release|Win32
		{4B015579-4A33-481A-B4CA-2B601C2F58CA}.Release|x86.Build.0 = Release|Win32
		{CBF5AE4E-C990-4DF2-B70F-43D787A290D0}.Debug|x64.ActiveCfg = Debug|x64
		{CBF5AE4E-C990-4DF2-B70F-43D787A290D0}.Debug|x64.Build.0 = Debug|x64
		{CBF5AE4E-C990-4DF2-B70F-43D787A290D0}.Debug|x86.ActiveCfg = Debug|Win32
		{CBF5AE4E-C990-4DF2-B70F-43D787A290D0}.Debug|x86.Build.0 = Debug|Win32
		{CBF5AE4E-C990-4DF2-B70F-43D787A290D0}.Release|x64.ActiveCfg = Release|x64
		{CBF5AE4E-C990-4DF2-B70F-43D787A290D0}.Release|x64.Build.0 = Release|x64
		{CBF5AE4E-C990-4DF2-B70F-43D787A290D0}.Release|x86.ActiveCfg = Release|Win32
		{CBF5AE4E-C990-4DF2-B70F-43D787A290D0}.Release|x86.Build.0 = Release|Win32
		{3F21C0D5-906D-40A9-A5B6-93E2779D3052}.Debug|x64.ActiveCfg = Debug|x64
		{3F21C0D5-906D-40A9-A5B6-93E2779D3052}.Debug|x64.Build.0 = Debug|x64
		{3F21C0D5-906D-40A9-A5B6-93E2779D3052}.Debug|x86.ActiveCfg = Debug|Win32
		{3F21C0D5-906D-40A9-A5B6-93E2779D3052}.Debug|x86.Build.0 = Debug|Win32
		{3F21C0D5-906D-40A9-A5B6-93E2779D3052}.Release|x64.ActiveCfg = Release|x64
		{3F21C0D5-906D-40A9-A5B6-93E2779D3052}.Release|x64.Build.0 = Release|x64
		{3F21C0D5-906D-40A9-A5B6-93E2779D3052}.Release|x86.ActiveCfg = Release|Win32
		{3F21C0D5-906D-40A9-A5B6-93E2779D3052}.Release|x86.Build.0 = Release|Win32
		{55F7586E-5FF1-4B1B-94AC-FE11624C7A31}.Debug|x64.ActiveCfg = Debug|x64
		{55F7586E-5FF1-4B1B-94AC-FE11624C7A31}.Debug|x64.Build.0 = Debug|x64
		{55F7586E-5FF1-4B1B-94AC-FE11624C7A31}.Debug|x86.ActiveCfg = Debug|Win32
		{55F7586E-5FF1-4B1B-94AC-FE11624C7A31}.Debug|x86.Build.0 = Debug|Win32
		{55F7586E-5FF1-4B1B-94AC-FE11624C7A31}.Release|x64.ActiveCfg = Release|x64
		{55F7586E-5FF1-4B1B-94AC-FE11624C7A31}.Release|x64.Build.0 = Release|x64
		{55F7586E-5FF1-4B1B-94AC-FE11624C7A31}.Release|x86.ActiveCfg = Release|Win32
		{55F7586E-5FF1-4B1B-94AC-FE11624C7A31}.Release|x86.Build.0 = Release|Win32
		{059EA5F2-2DF7-4F8D-9F40-270BB9B64E83}.Debug|x64.ActiveCfg = Debug|x64
		{059EA5F2-2DF7-4F8D-9F40-270BB9B64E83}.Debug|x64.Build.0 = Debug|x64
		{059EA5F2-2DF7-4F8D-9F40-270BB9B64E83}.Debug|x86.ActiveCfg = Debug|Win32
		{059EA5F2-2DF7-4F8D-9F40-270BB9B64E83}.Debug|x86.Build.0 = Debug|Win32
		{059EA5F2-2DF7-4F8D-9F40-270BB9B64E83}.Release|x64.ActiveCfg = Release|x64
		{059EA5F2-2DF7-4F8D-9F40-270BB9B64E83}.Release|x64.Build.0 = Release|x64
		{059EA5F2-2DF7-4F8D-9F40-270BB9B64E83}.Release|x86.ActiveCfg = Release|Win32
		{059EA5F2-2DF7-4F8D-9F40-270BB9B64E83}.Release|x86.Build.0 = Release|Win32
		{A2E3E24C-A3EB-474B-9C45-BA0FABB29CA6}.Debug|x64.ActiveCfg = Debug|x64
		{A2E3E24C-A3EB-474B-9C45-BA0FABB29CA6}.Debug|x64.Build.0 = Debug|x64
		{A2E3E24C-A3EB-474B-9C45-BA0FABB29CA6}.Debug|x86.ActiveCfg = Debug|Win32
		{A2E3E24C-A3EB-474B-9C45-BA0FABB29CA6}.Debug|x86.Build.0 = Debug|Win32
		{A2E3E24C-A3EB-474B-9C45-BA0FABB29CA6}.Release|x64.ActiveCfg = Release|x64
		{A2E3E24C-A3EB-474B-9C45-BA0FABB29CA6}.Release|x64.Build.0 = Release|x64
		{A2E3E24C-A3EB-474B-9C45-BA0FABB29CA6}.Release|x86.ActiveCfg = Release|Win32
		{A2E3E24C-A3EB-474B-9C45-BA0FABB29CA6}.Release|x86.Build.0 = Release|Win32
		{1D289063-82DB-4A0A-BF56-CBBFB3D78083}.Debug|x64.ActiveCfg = Debug|x64
		{1D289063-82DB-4A0A-BF56-CBBFB3D78083}.Debug|x64.Build.0 = Debug|x64
		{1D289063-82DB-4A0A-BF56-CBBFB3D78083}.Debug|x86.ActiveCfg = Debug|Win32
		{1D289063-82DB-4A0A-BF56-CBBFB3D78083}.Debug|x86.Build.0 = Debug|Win32
		{1D289063-82DB-4A0A-BF56-CBBFB3D78083}.Release|x64.ActiveCfg = Release|x64
		{1D289063-82DB-4A0A-BF56-CBBFB3D78083}.Release|x64.Build.0 = Release|x64
		{1D289063-82DB-4A0A-BF56-CBBFB3D78083}.Release|x86.ActiveCfg = Release|Win32
		{1D289063-82DB-4A0A-BF56-CBBFB3D78083}.Release|x86.Build.0 = Release|Win32
		{6667C281-3167-4370-80A0-3CC8A441641A}.Debug|x64.ActiveCfg = Debug|x64
		{6667C281-3167-4370-80A0-3CC8A441641A}.Debug|x64.Build.0 = Debug|x64
		{6667C281-3167-4370-80A0-3CC8A441641A}.Debug|x86.ActiveCfg = Debug|Win32
		{6667C281-3167-4370-80A0-3CC8A441641A}.Debug|x86.Build.0 = Debug|Win32
		{6667C281-3167-4370-80A0-3CC8A441641A}.Release|x64.ActiveCfg = Release|x64
		{6667C281-3167-4370-80A0-3CC8A441641A}.Release|x64.Build.0 = Release|x64
		{6667C281-3167-4370-80A0-3CC8A441641A}.Release|x86.ActiveCfg = Release|Win32
		{6667C281-3167-4370-80A0-3CC8A441641A}.Release|x86.Build.0 = Release|Win32
		{04C7C220-3B7E-4F2C-99CE-5AFA1DE41A1D}.Debug|x64.ActiveCfg = Debug|x64
		{04C7C220-3B7E-4F2C-99CE-5AFA1DE41A1D}.Debug|x64.Build.0 = Debug|x64
		{04C7C220-3B7E-4F2C-99CE-5AFA1DE41A1D}.Debug|x86.ActiveCfg = Debug|Win32
		{04C7C220-3B7E-4F2C-99CE-5AFA1DE41A1D}.Debug|x86.Build.0 = Debug|Win32
		{04C7C220-3B7E-4F2C-99CE-5AFA1DE41A1D}.Release|x64.ActiveCfg = Release|x64
		{04C7C220-3B7E-4F2C-99CE-5AFA1DE41A1D}.Release|x64.Build.0 = Release|x64
		{04C7C220-3B7E-4F2C-99CE-5AFA1DE41A1D}.Release|x86.ActiveCfg = Release|Win32
		{04C7C220-3B7E-4F2C-99CE-5AFA1DE41A1D}.Release|x86.Build.0 = Release|Win32
		{B7375C8B-D9E7-4DB3-BEFF-4B77517892A7}.Debug|x64.ActiveCfg = Debug|x64
		{B7375C8B-D9E7-4DB3-BEFF-4B77517892A7}.Debug|x64.Build.0 = Debug|x64
		{B7375C8B-D9E7-4DB3-BEFF-4B77517892A7}.Debug|x86.ActiveCfg = Debug|Win32
		{B7375C8B-D9E7-4DB3-BEFF-4B77517892A7}.Debug|x86.Build.0 = Debug|Win32
		{B7375C8B-D9E7-4DB3-BEFF-4B77517892A7}.Release|x64.ActiveCfg = Release|x64
		{B7375C8B-D9E7-4DB3-BEFF-4B77517892A7}.Release|x64.Build.0 = Release|x64
		{B7375C8B-D9E7-4DB3-BEFF-4B77517892A7}.Release|x86.ActiveCfg = Release|Win32
		{B7375C8B-D9E7-4DB3-BEFF-4B77517892A7}.Release|x86.Build.0 = Release|Win32
		{BDD86C1C-6F06-417A-916D-09B3A0191170}.Debug|x64.ActiveCfg = Debug|x64
		{BDD86C1C-6F06-417A-916D-09B3A0191170}.Debug|x64.Build.0 = Debug|x64
		{BDD86C1C-6F06-417A-916D-09B3A0191170}.Debug|x86.ActiveCfg = Debug|Win32
		{BDD86C1C-6F06-417A-916D-09B3A0191170}.Debug|x86.Build.0 = Debug|Win32
		{BDD86C1C-6F06-417A-916D-09B3A0191170}.Release|x64.ActiveCfg = Release|x64
		{BDD86C1C-6F06-417A-916D-09B3A0191170}.Release|x64.Build.0 = Release|x64
		{BDD86C1C-6F06-417A-916D-09B3A0191170}.Release|x86.ActiveCfg = Release|Win32
		{BDD86C1C-6F06-417A-916D-09B3A0191170}.Release|x86.Build.0 = Release|Win32
		{6A28B5C6-CC0C-475C-853B-2B0010FF754D}.Debug|x64.ActiveCfg = Debug|x64
		{6A28B5C6-CC0C-475C-853B-2B0010FF754D}.Debug|x64.Build.0 = Debug|x64
		{6A28B5C6-CC0C-475C-853B-2B0010FF754D}.Debug|x86.ActiveCfg = Debug|Win32
		{6A28B5C6-CC0C-475C-853B-2B0010FF754D}.Debug|x86.Build.0 = Debug|Win32
		{6A28B5C6-CC0C-475C-853B-2B0010FF754D}.Release|x64.ActiveCfg = Release|x64
		{6A28B5C6-CC0C-475C-853B-2B0010FF754D}.Release|x64.Build.0 = Release|x64
		{6A28B5C6-CC0C-475C-853B-2B0010FF754D}.Release|x86.ActiveCfg = Release|Win32
		{6A28B5C6-CC0C-475C-853B-2B0010FF754D}.Release|x86.Build.0 = Release|Win32
		{364A35C4-3695-4286-ACB5-E9AC807B6FBC}.Debug|x64.ActiveCfg = Debug|x64
		{364A35C4-3695-4286-ACB5-E9AC807B6FBC}.Debug|x64.Build.0 = Debug|x64
		{364A35C4-3695-4286-ACB5-E9AC807B6FBC}.Debug|x86.ActiveCfg = Debug|Win32
		{364A35C4-3695-4286-ACB5-E9AC807B6FBC}.Debug|x86.Build.0 = Debug|Win32
		{364A35C4-3695-4286-ACB5-E9AC807B6FBC}.Release|x64.ActiveCfg = Release|x64
		{364A35C4-3695-4286-ACB5-E9AC807B6FBC}.Release|x64.Build.0 = Release|x64
		{364A35C4-3695-4286-ACB5-E9AC807B6FBC}.Release|x86.ActiveCfg = Release|Win32
		{364A35C4-3695-4286-ACB5-E9AC807B6FBC}.Release|x86.Build.0 = Release|Win32
		{CA802D25-1D9D-43CE-ADA7-9C1D6BFAAA67}.Debug|x64.ActiveCfg = Debug|x64
		{CA802D25-1D9D-43CE-ADA7-9C1D6BFAAA67}.Debug|x64.Build.0 = Debug|x64
		{CA802D25-1D9D-43CE-ADA7-9C1D6BFAAA67}.Debug|x86.ActiveCfg = Debug|Win32
		{CA802D25-1D9D-43CE-ADA7-9C1D6BFAAA67}.Debug|x86.Build.0 = Debug|Win32
		{CA802D25-1D9D-43CE-ADA7-9C1D6BFAAA67}.Release|x64.ActiveCfg = Release|x64
		{CA802D25-1D9D-43CE-ADA7-9C1D6BFAAA67}.Release|x64.Build.0 = Release|x64
		{CA802D25-1D9D-43CE-ADA7-9C1D6BFAAA67}.Release|x86.ActiveCfg = Release|Win32
		{CA802D25-1D9D-43CE-ADA7-9C1D6BFAAA67}.Release|x86.Build.0 = Release|Win32
		{C70F8107-487E-4C4F-AE8F-261E0B637EE5}.Debug|x64.ActiveCfg = Debug|x64
		{C70F8107-487E-4C4F-AE8F-261E0B637EE5}.Debug|x64.Build.0 = Debug|x64
		{C70F8107-487E-4C4F-AE8F-261E0B637EE5}.Debug|x86.ActiveCfg = Debug|Win32
		{C70F8107-487E-4C4F-AE8F-261E0B637EE5}.Debug|x86.Build.0 = Debug|Win32
		{C70F8107-487E-4C4F-AE8F-261E0B637EE5}.Release|x64.ActiveCfg = Release|x64
		{C70F8107-487E-4C4F-AE8F-261E0B637EE5}.Release|x64.Build.0 = Release|x64
		{C70F8107-487E-4C4F-AE8F-261E0B637EE5}.Release|x86.ActiveCfg = Release|Win32
		{C70F8107-487E-4C4F-AE8F-261E0B637EE5}.Release|x86.Build.0 = Release|Win32
		{76CFC144-D1C1-4663-90B4-B7F728CCEC6E}.Debug|x64.ActiveCfg = Debug|x64
		{76CFC144-D1C1-4663-90B4-B7F728CCEC6E}.Debug|x64.Build.0 = Debug|x64
		{76CFC144-D1C1-4663-90B4-B7F728CCEC6E}.Debug|x86.ActiveCfg = Debug|Win32
		{76CFC144-D1C1-4663-90B4-B7F728CCEC6E}.Debug|x86.Build.0 = Debug|Win32
		{76CFC144-D1C1-4663-90B4-B7F728CCEC6E}.Release|x64.ActiveCfg = Release|x64
		{76CFC144-D1C1-4663-90B4-B7F728CCEC6E}.Release|x64.Build.0 = Release|x64
		{76CFC144-D1C1-4663-90B4-B7F728CCEC6E}.Release|x86.ActiveCfg = Release|Win32
		{76CFC144-D1C1-4663-90B4-B7F728CCEC6E}.Release|x86.Build.0 = Release|Win32
		{C8DC31FD-DFF5-44D9-9DA4-FECE3B8195E8}.Debug|x64.ActiveCfg = Debug|x64
		{C8DC31FD-DFF5-44D9-9DA4-FECE3B8195E8}.Debug|x64.Build.0 = Debug|x64
		{C8DC31FD-DFF5-44D9-9DA4-FECE3B8195E8}.Debug|x86.ActiveCfg = Debug|Win32
		{C8DC31FD-DFF5-44D9-9DA4-FECE3B8195E8}.Debug|x86.Build.0 = Debug|Win32
		{C8DC31FD-DFF5-44D9-9DA4-FECE3B8195E8}.Release|x64.ActiveCfg = Release|x64
		{C8DC31FD-DFF5-44D9-9DA4-FECE3B8195E8}.Release|x64.Build.0 = Release|x64
		{C8DC31FD-DFF5-44D9-9DA4-FECE3B8195E8}.Release|x86.ActiveCfg = Release|Win32
		{C8DC31FD-DFF5-44D9-9DA4-FECE3B8195E8}.Release|x86.Build.0 = Release|Win32
		{E0140292-8B27-4A4D-A301-ECB4CB11060D}.Debug|x64.ActiveCfg = Debug|x64
		{E0140292-8B27-4A4D-A301-ECB4CB11060D}.Debug|x64.Build.0 = Debug|x64
		{E0140292-8B27-4A4D-A301-ECB4CB11060D}.Debug|x86.ActiveCfg = Debug|Win32
		{E0140292-8B27-4A4D-A301-ECB4CB11060D}.Debug|x86.Build.0 = Debug|Win32
		{E0140292-8B27-4A4D-A301-ECB4CB11060D}.Release|x64.ActiveCfg = Release|x64
		{E0140292-8B27-4A4D-A301-ECB4CB11060D}.Release|x64.Build.0 = Release|x64
		{E0140292-8B27-4A4D-A301-ECB4CB11060D}.Release|x86.ActiveCfg = Release|Win32
		{E0140292-8B27-4A4D-A301-ECB4CB11060D}.Release|x86.Build.0 = Release|Win32
		{2E43169E-EC6F-4123-96F2-C77365550185}.Debug|x64.ActiveCfg = Debug|x64
		{2E43169E-EC6F-4123-96F2-C77365550185}.Debug|x64.Build.0 = Debug|x64
		{2E43169E-EC6F-4123-96F2-C77365550185}.Debug|x86.ActiveCfg = Debug|Win32
		{2E43169E-EC6F-4123-96F2-C77365550185}.Debug|x86.Build.0 = Debug|Win32
		{2E43169E-EC6F-4123-96F2-C77365550185}.Release|x64.ActiveCfg = Release|x64
		{2E43169E-EC6F-4123-96F2-C77365550185}.Release|x64.Build.0 = Release|x64
		{2E43169E-EC6F-4123-96F2-C77365550185}.Release|x86.ActiveCfg = Release|Win32
		{2E43169E-EC6F-4123-96F2-C77365550185}.Release|x86.Build.0 = Release|Win32
		{F49DE7FA-1033-4191-BDE4-8C3F37F6F06E}.Debug|x64.ActiveCfg = Debug|x64
		{F49DE7FA-1033-4191-BDE4-8C3F37F6F06E}.Debug|x64.Build.0 = Debug|x64
		{F49DE7FA-1033-4191-BDE4-8C3F37F6F06E}.Debug|x86.ActiveCfg = Debug|Win32
		{F49DE7FA-1033-4191-BDE4-8C3F37F6F06E}.Debug|x86.Build.0 = Debug|Win32
		{F49DE7FA-1033-4191-BDE4-8C3F37F6F06E}.Release|x64.ActiveCfg = Release|x64
		{F49DE7FA-1033-4191-BDE4-8C3F37F6F06E}.Release|x64.Build.0 = Release|x64
		{F49DE7FA-1033-4191-BDE4-8C3F37F6F06E}.Release|x86.ActiveCfg = Release|Win32
		{F49DE7FA-1033-4191-BDE4-8C3F37F6F06E}.Release|x86.Build.0 = Release|Win32
		{59179568-63E0-4EBC-B723-9B53EC08E355}.Debug|x64.ActiveCfg = Debug|x64
		{59179568-63E0-4EBC-B723-9B53EC08E355}.Debug|x64.Build.0 = Debug|x64
		{59179568-63E0-4EBC-B723-9B53EC08E355}.Debug|x86.ActiveCfg = Debug|Win32
		{59179568-63E0-4EBC-B723-9B53EC08E355}.Debug|x86.Build.0 = Debug|Win32
		{59179568-63E0-4EBC-B723-9B53EC08E355}.Release|x64.ActiveCfg = Release|x64
		{59179568-63E0-4EBC-B723-9B53EC08E355}.Release|x64.Build.0 = Release|x64
		{59179568-63E0-4EBC-B723-9B53EC08E355}.Release|x86.ActiveCfg = Release|Win32
		{59179568-63E0-4EBC-B723-9B53EC08E355}.Release|x86.Build.0 = Release|Win32
		{673E76AF-B28F-4B0C-8202-8DEDBCF64591}.Debug|x64.ActiveCfg = Debug|x64
		{673E76AF-B28F-4B0C-8202-8DEDBCF64591}.Debug|x64.Build.0 = Debug|x64
		{673E76AF-B28F-4B0C-8202-8DEDBCF64591}.Debug|x86.ActiveCfg = Debug|Win32
		{673E76AF-B28F-4B0C-8202-8DEDBCF64591}.Debug|x86.Build.0 = Debug|Win32
		{673E76AF-B28F-4B0C-8202-8DEDBCF64591}.Release|x64.ActiveCfg = Release|x64
		{673E76AF-B28F-4B0C-8202-8DEDBCF64591}.Release|x64.Build.0 = Release|x64
		{673E76AF-B28F-4B0C-8202-8DEDBCF64591}.Release|x86.ActiveCfg = Release|Win32
		{673E76AF-B28F-4B0C-8202-8DEDBCF64591}.Release|x86.Build.0 = Release|Win32
		{A43CDB26-B00C-4A26-9E3C-16A9A62C64A3}.Debug|x64.ActiveCfg = Debug|x64
		{A43CDB26-B00C-4A26-9E3C-16A9A62C64A3}.Debug|x64.Build.0 = Debug|x64
		{A43CDB26-B00C-4A26-9E3C-16A9A62C64A3}.Debug|x86.ActiveCfg = Debug|Win32
		{A43CDB26-B00C-4A26-9E3C-16A9A62C64A3}.Debug|x86.Build.0 = Debug|Win32
		{A43CDB26-B00C-4A26-9E3C-16A9A62C64A3}.Release|x64.ActiveCfg = Release|x64
		{A43CDB26-B00C-4A26-9E3C-16A9A62C64A3}.Release|x64.Build.0 = Release|x64
		{A43CDB26-B00C-4A26-9E3C-16A9A62C64A3}.Release|x86.ActiveCfg = Release|Win32
		{A43CDB26-B00C-4A26-9E3C-16A9A62C64A3}.Release|x86.Build.0 = Release|Win32
		{4DC4A163-2E26-4D34-8C5A-AF32BED9BB5B}.Debug|x64.ActiveCfg = Debug|x64
		{4DC4A163-2E26-4D34-8C5A-AF32BED9BB5B}.Debug|x64.Build.0 = Debug|x64
		{4DC4A163-2E26-4D34-8C5A-AF32BED9BB5B}.Debug|x86.ActiveCfg = Debug|Win32
		{4DC4A163-2E26-4D34-8C5A-AF32BED9BB5B}.Debug|x86.Build.0 = Debug|Win32
		{4DC4A163-2E26-4D34-8C5A-AF32BED9BB5B}.Release|x64.ActiveCfg = Release|x64
		{4DC4A163-2E26-4D34-8C5A-AF32BED9BB5B}.Release|x64.Build.0 = Release|x64
		{4DC4A163-2E26-4D34-8C5A-AF32BED9BB5B}.Release|x86.ActiveCfg = Release|Win32
		{4DC4A163-2E26-4D34-8C5A-AF32BED9BB5B}.Release|x86.Build.0 = Release|Win32
		{CEA0D177-A44D-4FFB-8905-7B3FE6152386}.Debug|x64.ActiveCfg = Debug|x64
		{CEA0D177-A44D-4FFB-8905-7B3FE6152386}.Debug|x64.Build.0 = Debug|x64
		{CEA0D177-A44D-4FFB-8905-7B3FE6152386}.Debug|x86.ActiveCfg = Debug|Win32
		{CEA0D177-A44D-4FFB-8905-7B3FE6152386}.Debug|x86.Build.0 = Debug|Win32
		{CEA0D177-A44D-4FFB-8905-7B3FE6152386}.Release|x64.ActiveCfg = Release|x64
		{CEA0D177-A44D-4FFB-8905-7B3FE6152386}.Release|x64.Build.0 = Release|x64
		{CEA0D177-A44D-4FFB-8905-7B3FE6152386}.Release|x86.ActiveCfg = Release|Win32
		{CEA0D177-A44D-4FFB-8905-7B3FE6152386}.Release|x86.Build.0 = Release|Win32
		{DA3E48B0-A6CA-4CD8-A91A-4436B148B62A}.Debug|x64.ActiveCfg = Debug|x64
		{DA3E48B0-A6CA-4CD8-A91A-4436B148B62A}.Debug|x64.Build.0 = Debug|x64
		{DA3E48B0-A6CA-4CD8-A91A-4436B148B62A}.Debug|x86.ActiveCfg = Debug|Win32
		{DA3E48B0-A6CA-4CD8-A91A-4436B148B62A}.Debug|x86.Build.0 = Debug|Win32
		{DA3E48B0-A6CA-4CD8-A91A-4436B148B62A}.Release|x64.ActiveCfg = Release|x64
		{DA3E48B0-A6CA-4CD8-A91A-4436B148B62A}.Release|x64.Build.0 = Release|x64
		{DA3E48B0-A6CA-4CD8-A91A-4436B148B62A}.Release|x86.ActiveCfg = Release|Win32
		{DA3E48B0-A6CA-4CD8-A91A-4436B148B62A}.Release|x86.Build.0 = Release|Win32
		{64034707-EA6B-4D7D-94A6-7F61C7DC71F6}.Debug|x64.ActiveCfg = Debug|x64
		{64034707-EA6B-4D7D-94A6-7F61C7DC71F6}.Debug|x64.Build.0 = Debug|x64
		{64034707-EA6B-4D7D-94A6-7F61C7DC71F6}.Debug|x86.ActiveCfg = Debug|Win32
		{64034707-EA6B-4D7D-94A6-7F61C7DC71F6}.Debug|x86.Build.0 = Debug|Win32
		{64034707-EA6B-4D7D-94A6-7F61C7DC71F6}.Release|x64.ActiveCfg = Release|x64
		{64034707-EA6B-4D7D-94A6-7F61C7DC71F6}.Release|x64.Build.0 = Release|x64
		{64034707-EA6B-4D7D-94A6-7F61C7DC71F6}.Release|x86.ActiveCfg = Release|Win32
		{64034707-EA6B-4D7D-94A6-7F61C7DC71F6}.Release|x86.Build.0 = Release|Win32
		{F0B0A022-F65A-4D06-9EB7-273A979C2378}.Debug|x64.ActiveCfg = Debug|x64
		{F0B0A022-F65A-4D06-9EB7-273A979C2378}.Debug|x64.Build.0 = Debug|x64
		{F0B0A022-F65A-4D06-9EB7-273A979C2378}.Debug|x86.ActiveCfg = Debug|Win32
		{F0B0A022-F65A-4D06-9EB7-273A979C2378}.Debug|x86.Build.0 = Debug|Win32
		{F0B0A022-F65A-4D06-9EB7-273A979C2378}.Release|x64.ActiveCfg = Release|x64
		{F0B0A022-F65A-4D06-9EB7-273A979C2378}.Release|x64.Build.0 = Release|x64
		{F0B0A022-F65A-4D06-9EB7-273A979C2378}.Release|x86.ActiveCfg = Release|Win32
		{F0B0A022-F65A-4D06-9EB7-273A979C2378}.Release|x86.Build.0 = Release|Win32
		{E3C3A460-C8A7-42B0-BC6A-67B1A32AD2D2}.Debug|x64.ActiveCfg = Debug|x64
		{E3C3A460-C8A7-42B0-BC6A-67B1A32AD2D2}.Debug|x64.Build.0 = Debug|x64
		{E3C3A460-C8A7-42B0-BC6A-67B1A32AD2D2}.Debug|x86.ActiveCfg = Debug|Win32
		{E3C3A460-C8A7-42B0-BC6A-67B1A32AD2D2}.Debug|x86.Build.0 = Debug|Win32
		{E3C3A460-C8A7-42B0-BC6A-67B1A32AD2D2}.Release|x64.ActiveCfg = Release|x64
		{E3C3A460-C8A7-42B0-BC6A-67B1A32AD2D2}.Release|x64.Build.0 = Release|x64
		{E3C3A460-C8A7-42B0-BC6A-67B1A32AD2D2}.Release|x86.ActiveCfg = Release|Win32
		{E3C3A460-C8A7-42B0-BC6A-67B1A32AD2D2}.Release|x86.Build.0 = Release|Win32
	EndGlobalSection
	GlobalSection(SolutionProperties) = preSolution
		HideSolutionNode = FALSE
	EndGlobalSection
	GlobalSection(ExtensibilityGlobals) = postSolution
		SolutionGuid = {A85132D0-9E62-48D5-AE58-68E64F4172DD}
	EndGlobalSection
EndGlobal
